// !$*UTF8*$!
{
	archiveVersion = 1;
	classes = {
	};
	objectVersion = 60;
	objects = {

/* Begin PBXBuildFile section */
		74D1AE9F2F17F8C00078A524 /* ProgramEntity.swift in Sources */ = {isa = PBXBuildFile; fileRef = 74D1AE592F17F8C00078A524 /* ProgramEntity.swift */; };
		74D1AEA02F17F8C00078A524 /* CoreDataStack.swift in Sources */ = {isa = PBXBuildFile; fileRef = 74D1AE5B2F17F8C00078A524 /* CoreDataStack.swift */; };
		74D1AEA12F17F8C00078A524 /* PersistenceService.swift in Sources */ = {isa = PBXBuildFile; fileRef = 74D1AE5C2F17F8C00078A524 /* PersistenceService.swift */; };
		74D1AEA22F17F8C00078A524 /* RegattaTimer.xcdatamodeld in Sources */ = {isa = PBXBuildFile; fileRef = 74D1AE5D2F17F8C00078A524 /* RegattaTimer.xcdatamodeld */; };
		74D1AEA32F17F8C00078A524 /* Achievement.swift in Sources */ = {isa = PBXBuildFile; fileRef = 74D1AE5F2F17F8C00078A524 /* Achievement.swift */; };
		74D1AEA42F17F8C00078A524 /* Goal.swift in Sources */ = {isa = PBXBuildFile; fileRef = 74D1AE602F17F8C00078A524 /* Goal.swift */; };
		74D1AEA52F17F8C00078A524 /* Interval.swift in Sources */ = {isa = PBXBuildFile; fileRef = 74D1AE612F17F8C00078A524 /* Interval.swift */; };
		74D1AEA62F17F8C00078A524 /* IntervalType.swift in Sources */ = {isa = PBXBuildFile; fileRef = 74D1AE622F17F8C00078A524 /* IntervalType.swift */; };
		74D1AEA72F17F8C00078A524 /* Program.swift in Sources */ = {isa = PBXBuildFile; fileRef = 74D1AE632F17F8C00078A524 /* Program.swift */; };
		74D1AEA82F17F8C00078A524 /* ScheduledWorkout.swift in Sources */ = {isa = PBXBuildFile; fileRef = 74D1AE642F17F8C00078A524 /* ScheduledWorkout.swift */; };
		74D1AEA92F17F8C00078A524 /* SessionResult.swift in Sources */ = {isa = PBXBuildFile; fileRef = 74D1AE652F17F8C00078A524 /* SessionResult.swift */; };
		74D1AEAA2F17F8C00078A524 /* WorkoutMode.swift in Sources */ = {isa = PBXBuildFile; fileRef = 74D1AE662F17F8C00078A524 /* WorkoutMode.swift */; };
		74D1AEAB2F17F8C00078A524 /* AchievementService.swift in Sources */ = {isa = PBXBuildFile; fileRef = 74D1AE682F17F8C00078A524 /* AchievementService.swift */; };
		74D1AEAC2F17F8C00078A524 /* AudioService.swift in Sources */ = {isa = PBXBuildFile; fileRef = 74D1AE692F17F8C00078A524 /* AudioService.swift */; };
		74D1AEAD2F17F8C00078A524 /* GoalService.swift in Sources */ = {isa = PBXBuildFile; fileRef = 74D1AE6A2F17F8C00078A524 /* GoalService.swift */; };
		74D1AEAE2F17F8C00078A524 /* PaceGhostService.swift in Sources */ = {isa = PBXBuildFile; fileRef = 74D1AE6B2F17F8C00078A524 /* PaceGhostService.swift */; };
		74D1AEAF2F17F8C00078A524 /* ScheduleService.swift in Sources */ = {isa = PBXBuildFile; fileRef = 74D1AE6C2F17F8C00078A524 /* ScheduleService.swift */; };
		74D1AEB02F17F8C00078A524 /* TimerEngine.swift in Sources */ = {isa = PBXBuildFile; fileRef = 74D1AE6D2F17F8C00078A524 /* TimerEngine.swift */; };
		74D1AEB12F17F8C00078A524 /* ColorTheme.swift in Sources */ = {isa = PBXBuildFile; fileRef = 74D1AE6F2F17F8C00078A524 /* ColorTheme.swift */; };
		74D1AEB22F17F8C00078A524 /* AchievementsView.swift in Sources */ = {isa = PBXBuildFile; fileRef = 74D1AE722F17F8C00078A524 /* AchievementsView.swift */; };
		74D1AEB32F17F8C00078A524 /* GoalEditorView.swift in Sources */ = {isa = PBXBuildFile; fileRef = 74D1AE742F17F8C00078A524 /* GoalEditorView.swift */; };
		74D1AEB42F17F8C00078A524 /* GoalsView.swift in Sources */ = {isa = PBXBuildFile; fileRef = 74D1AE752F17F8C00078A524 /* GoalsView.swift */; };
		74D1AEB52F17F8C00078A524 /* ScheduleEditorView.swift in Sources */ = {isa = PBXBuildFile; fileRef = 74D1AE762F17F8C00078A524 /* ScheduleEditorView.swift */; };
		74D1AEB62F17F8C00078A524 /* CheckLink.swift in Sources */ = {isa = PBXBuildFile; fileRef = 74D1AE782F17F8C00078A524 /* CheckLink.swift */; };
		74D1AEB72F17F8C00078A524 /* InternetViewController.swift in Sources */ = {isa = PBXBuildFile; fileRef = 74D1AE792F17F8C00078A524 /* InternetViewController.swift */; };
		74D1AEB82F17F8C00078A524 /* LoaderViewController.swift in Sources */ = {isa = PBXBuildFile; fileRef = 74D1AE7A2F17F8C00078A524 /* LoaderViewController.swift */; };
		74D1AEB92F17F8C00078A524 /* OnboardingView.swift in Sources */ = {isa = PBXBuildFile; fileRef = 74D1AE7C2F17F8C00078A524 /* OnboardingView.swift */; };
		74D1AEBA2F17F8C00078A524 /* ProgramEditorView.swift in Sources */ = {isa = PBXBuildFile; fileRef = 74D1AE7E2F17F8C00078A524 /* ProgramEditorView.swift */; };
		74D1AEBB2F17F8C00078A524 /* ProgramEditorViewModel.swift in Sources */ = {isa = PBXBuildFile; fileRef = 74D1AE7F2F17F8C00078A524 /* ProgramEditorViewModel.swift */; };
		74D1AEBC2F17F8C00078A524 /* ProgramListView.swift in Sources */ = {isa = PBXBuildFile; fileRef = 74D1AE812F17F8C00078A524 /* ProgramListView.swift */; };
		74D1AEBD2F17F8C00078A524 /* ProgramListViewModel.swift in Sources */ = {isa = PBXBuildFile; fileRef = 74D1AE822F17F8C00078A524 /* ProgramListViewModel.swift */; };
		74D1AEBE2F17F8C00078A524 /* WorkoutModeSelectorView.swift in Sources */ = {isa = PBXBuildFile; fileRef = 74D1AE832F17F8C00078A524 /* WorkoutModeSelectorView.swift */; };
		74D1AEBF2F17F8C00078A524 /* RaceView.swift in Sources */ = {isa = PBXBuildFile; fileRef = 74D1AE852F17F8C00078A524 /* RaceView.swift */; };
		74D1AEC02F17F8C00078A524 /* RaceViewModel.swift in Sources */ = {isa = PBXBuildFile; fileRef = 74D1AE862F17F8C00078A524 /* RaceViewModel.swift */; };
		74D1AEC12F17F8C00078A524 /* HistoryViewModel.swift in Sources */ = {isa = PBXBuildFile; fileRef = 74D1AE882F17F8C00078A524 /* HistoryViewModel.swift */; };
		74D1AEC22F17F8C00078A524 /* SessionResultView.swift in Sources */ = {isa = PBXBuildFile; fileRef = 74D1AE892F17F8C00078A524 /* SessionResultView.swift */; };
		74D1AEC32F17F8C00078A524 /* SettingsView.swift in Sources */ = {isa = PBXBuildFile; fileRef = 74D1AE8B2F17F8C00078A524 /* SettingsView.swift */; };
		74D1AEC42F17F8C00078A524 /* AnalyticsView.swift in Sources */ = {isa = PBXBuildFile; fileRef = 74D1AE8D2F17F8C00078A524 /* AnalyticsView.swift */; };
		74D1AEC52F17F8C00078A524 /* HistoryView.swift in Sources */ = {isa = PBXBuildFile; fileRef = 74D1AE8E2F17F8C00078A524 /* HistoryView.swift */; };
		74D1AEC62F17F8C00078A524 /* ProgressChartView.swift in Sources */ = {isa = PBXBuildFile; fileRef = 74D1AE8F2F17F8C00078A524 /* ProgressChartView.swift */; };
		74D1AEC72F17F8C00078A524 /* StatisticsViewModel.swift in Sources */ = {isa = PBXBuildFile; fileRef = 74D1AE902F17F8C00078A524 /* StatisticsViewModel.swift */; };
		74D1AEC82F17F8C00078A524 /* AppDelegate.swift in Sources */ = {isa = PBXBuildFile; fileRef = 74D1AE932F17F8C00078A524 /* AppDelegate.swift */; };
		74D1AEC92F17F8C00078A524 /* ContentView.swift in Sources */ = {isa = PBXBuildFile; fileRef = 74D1AE952F17F8C00078A524 /* ContentView.swift */; };
		74D1AECA2F17F8C00078A524 /* SceneDelegate.swift in Sources */ = {isa = PBXBuildFile; fileRef = 74D1AE9B2F17F8C00078A524 /* SceneDelegate.swift */; };
		74D1AECB2F17F8C00078A524 /* ViewController.swift in Sources */ = {isa = PBXBuildFile; fileRef = 74D1AE9C2F17F8C00078A524 /* ViewController.swift */; };
		74D1AECC2F17F8C00078A524 /* Assets.xcassets in Resources */ = {isa = PBXBuildFile; fileRef = 74D1AE942F17F8C00078A524 /* Assets.xcassets */; };
		74D1AECE2F17F8C00078A524 /* LaunchScreen.storyboard in Resources */ = {isa = PBXBuildFile; fileRef = 74D1AE982F17F8C00078A524 /* LaunchScreen.storyboard */; };
		74D1AECF2F17F8C00078A524 /* Main.storyboard in Resources */ = {isa = PBXBuildFile; fileRef = 74D1AE9A2F17F8C00078A524 /* Main.storyboard */; };
/* End PBXBuildFile section */

/* Begin PBXFileReference section */
		0A09F4070AE69C7B249017F5 /* Pods-44RegattaTimer.release.xcconfig */ = {isa = PBXFileReference; includeInIndex = 1; lastKnownFileType = text.xcconfig; name = "Pods-44RegattaTimer.release.xcconfig"; path = "Target Support Files/Pods-44RegattaTimer/Pods-44RegattaTimer.release.xcconfig"; sourceTree = "<group>"; };
		74D1AE592F17F8C00078A524 /* ProgramEntity.swift */ = {isa = PBXFileReference; lastKnownFileType = sourcecode.swift; path = ProgramEntity.swift; sourceTree = "<group>"; };
		74D1AE5B2F17F8C00078A524 /* CoreDataStack.swift */ = {isa = PBXFileReference; lastKnownFileType = sourcecode.swift; path = CoreDataStack.swift; sourceTree = "<group>"; };
		74D1AE5C2F17F8C00078A524 /* PersistenceService.swift */ = {isa = PBXFileReference; lastKnownFileType = sourcecode.swift; path = PersistenceService.swift; sourceTree = "<group>"; };
		74D1AE5F2F17F8C00078A524 /* Achievement.swift */ = {isa = PBXFileReference; lastKnownFileType = sourcecode.swift; path = Achievement.swift; sourceTree = "<group>"; };
		74D1AE602F17F8C00078A524 /* Goal.swift */ = {isa = PBXFileReference; lastKnownFileType = sourcecode.swift; path = Goal.swift; sourceTree = "<group>"; };
		74D1AE612F17F8C00078A524 /* Interval.swift */ = {isa = PBXFileReference; lastKnownFileType = sourcecode.swift; path = Interval.swift; sourceTree = "<group>"; };
		74D1AE622F17F8C00078A524 /* IntervalType.swift */ = {isa = PBXFileReference; lastKnownFileType = sourcecode.swift; path = IntervalType.swift; sourceTree = "<group>"; };
		74D1AE632F17F8C00078A524 /* Program.swift */ = {isa = PBXFileReference; lastKnownFileType = sourcecode.swift; path = Program.swift; sourceTree = "<group>"; };
		74D1AE642F17F8C00078A524 /* ScheduledWorkout.swift */ = {isa = PBXFileReference; lastKnownFileType = sourcecode.swift; path = ScheduledWorkout.swift; sourceTree = "<group>"; };
		74D1AE652F17F8C00078A524 /* SessionResult.swift */ = {isa = PBXFileReference; lastKnownFileType = sourcecode.swift; path = SessionResult.swift; sourceTree = "<group>"; };
		74D1AE662F17F8C00078A524 /* WorkoutMode.swift */ = {isa = PBXFileReference; lastKnownFileType = sourcecode.swift; path = WorkoutMode.swift; sourceTree = "<group>"; };
		74D1AE682F17F8C00078A524 /* AchievementService.swift */ = {isa = PBXFileReference; lastKnownFileType = sourcecode.swift; path = AchievementService.swift; sourceTree = "<group>"; };
		74D1AE692F17F8C00078A524 /* AudioService.swift */ = {isa = PBXFileReference; lastKnownFileType = sourcecode.swift; path = AudioService.swift; sourceTree = "<group>"; };
		74D1AE6A2F17F8C00078A524 /* GoalService.swift */ = {isa = PBXFileReference; lastKnownFileType = sourcecode.swift; path = GoalService.swift; sourceTree = "<group>"; };
		74D1AE6B2F17F8C00078A524 /* PaceGhostService.swift */ = {isa = PBXFileReference; lastKnownFileType = sourcecode.swift; path = PaceGhostService.swift; sourceTree = "<group>"; };
		74D1AE6C2F17F8C00078A524 /* ScheduleService.swift */ = {isa = PBXFileReference; lastKnownFileType = sourcecode.swift; path = ScheduleService.swift; sourceTree = "<group>"; };
		74D1AE6D2F17F8C00078A524 /* TimerEngine.swift */ = {isa = PBXFileReference; lastKnownFileType = sourcecode.swift; path = TimerEngine.swift; sourceTree = "<group>"; };
		74D1AE6F2F17F8C00078A524 /* ColorTheme.swift */ = {isa = PBXFileReference; lastKnownFileType = sourcecode.swift; path = ColorTheme.swift; sourceTree = "<group>"; };
		74D1AE722F17F8C00078A524 /* AchievementsView.swift */ = {isa = PBXFileReference; lastKnownFileType = sourcecode.swift; path = AchievementsView.swift; sourceTree = "<group>"; };
		74D1AE742F17F8C00078A524 /* GoalEditorView.swift */ = {isa = PBXFileReference; lastKnownFileType = sourcecode.swift; path = GoalEditorView.swift; sourceTree = "<group>"; };
		74D1AE752F17F8C00078A524 /* GoalsView.swift */ = {isa = PBXFileReference; lastKnownFileType = sourcecode.swift; path = GoalsView.swift; sourceTree = "<group>"; };
		74D1AE762F17F8C00078A524 /* ScheduleEditorView.swift */ = {isa = PBXFileReference; lastKnownFileType = sourcecode.swift; path = ScheduleEditorView.swift; sourceTree = "<group>"; };
		74D1AE782F17F8C00078A524 /* CheckLink.swift */ = {isa = PBXFileReference; lastKnownFileType = sourcecode.swift; path = CheckLink.swift; sourceTree = "<group>"; };
		74D1AE792F17F8C00078A524 /* InternetViewController.swift */ = {isa = PBXFileReference; lastKnownFileType = sourcecode.swift; path = InternetViewController.swift; sourceTree = "<group>"; };
		74D1AE7A2F17F8C00078A524 /* LoaderViewController.swift */ = {isa = PBXFileReference; lastKnownFileType = sourcecode.swift; path = LoaderViewController.swift; sourceTree = "<group>"; };
		74D1AE7C2F17F8C00078A524 /* OnboardingView.swift */ = {isa = PBXFileReference; lastKnownFileType = sourcecode.swift; path = OnboardingView.swift; sourceTree = "<group>"; };
		74D1AE7E2F17F8C00078A524 /* ProgramEditorView.swift */ = {isa = PBXFileReference; lastKnownFileType = sourcecode.swift; path = ProgramEditorView.swift; sourceTree = "<group>"; };
		74D1AE7F2F17F8C00078A524 /* ProgramEditorViewModel.swift */ = {isa = PBXFileReference; lastKnownFileType = sourcecode.swift; path = ProgramEditorViewModel.swift; sourceTree = "<group>"; };
		74D1AE812F17F8C00078A524 /* ProgramListView.swift */ = {isa = PBXFileReference; lastKnownFileType = sourcecode.swift; path = ProgramListView.swift; sourceTree = "<group>"; };
		74D1AE822F17F8C00078A524 /* ProgramListViewModel.swift */ = {isa = PBXFileReference; lastKnownFileType = sourcecode.swift; path = ProgramListViewModel.swift; sourceTree = "<group>"; };
		74D1AE832F17F8C00078A524 /* WorkoutModeSelectorView.swift */ = {isa = PBXFileReference; lastKnownFileType = sourcecode.swift; path = WorkoutModeSelectorView.swift; sourceTree = "<group>"; };
		74D1AE852F17F8C00078A524 /* RaceView.swift */ = {isa = PBXFileReference; lastKnownFileType = sourcecode.swift; path = RaceView.swift; sourceTree = "<group>"; };
		74D1AE862F17F8C00078A524 /* RaceViewModel.swift */ = {isa = PBXFileReference; lastKnownFileType = sourcecode.swift; path = RaceViewModel.swift; sourceTree = "<group>"; };
		74D1AE882F17F8C00078A524 /* HistoryViewModel.swift */ = {isa = PBXFileReference; lastKnownFileType = sourcecode.swift; path = HistoryViewModel.swift; sourceTree = "<group>"; };
		74D1AE892F17F8C00078A524 /* SessionResultView.swift */ = {isa = PBXFileReference; lastKnownFileType = sourcecode.swift; path = SessionResultView.swift; sourceTree = "<group>"; };
		74D1AE8B2F17F8C00078A524 /* SettingsView.swift */ = {isa = PBXFileReference; lastKnownFileType = sourcecode.swift; path = SettingsView.swift; sourceTree = "<group>"; };
		74D1AE8D2F17F8C00078A524 /* AnalyticsView.swift */ = {isa = PBXFileReference; lastKnownFileType = sourcecode.swift; path = AnalyticsView.swift; sourceTree = "<group>"; };
		74D1AE8E2F17F8C00078A524 /* HistoryView.swift */ = {isa = PBXFileReference; lastKnownFileType = sourcecode.swift; path = HistoryView.swift; sourceTree = "<group>"; };
		74D1AE8F2F17F8C00078A524 /* ProgressChartView.swift */ = {isa = PBXFileReference; lastKnownFileType = sourcecode.swift; path = ProgressChartView.swift; sourceTree = "<group>"; };
		74D1AE902F17F8C00078A524 /* StatisticsViewModel.swift */ = {isa = PBXFileReference; lastKnownFileType = sourcecode.swift; path = StatisticsViewModel.swift; sourceTree = "<group>"; };
		74D1AE932F17F8C00078A524 /* AppDelegate.swift */ = {isa = PBXFileReference; lastKnownFileType = sourcecode.swift; path = AppDelegate.swift; sourceTree = "<group>"; };
		74D1AE942F17F8C00078A524 /* Assets.xcassets */ = {isa = PBXFileReference; lastKnownFileType = folder.assetcatalog; path = Assets.xcassets; sourceTree = "<group>"; };
		74D1AE952F17F8C00078A524 /* ContentView.swift */ = {isa = PBXFileReference; lastKnownFileType = sourcecode.swift; path = ContentView.swift; sourceTree = "<group>"; };
		74D1AE962F17F8C00078A524 /* Info.plist */ = {isa = PBXFileReference; lastKnownFileType = text.plist.xml; path = Info.plist; sourceTree = "<group>"; };
		74D1AE972F17F8C00078A524 /* Base */ = {isa = PBXFileReference; lastKnownFileType = file.storyboard; name = Base; path = Base.lproj/LaunchScreen.storyboard; sourceTree = "<group>"; };
		74D1AE992F17F8C00078A524 /* Base */ = {isa = PBXFileReference; lastKnownFileType = file.storyboard; name = Base; path = Base.lproj/Main.storyboard; sourceTree = "<group>"; };
		74D1AE9B2F17F8C00078A524 /* SceneDelegate.swift */ = {isa = PBXFileReference; lastKnownFileType = sourcecode.swift; path = SceneDelegate.swift; sourceTree = "<group>"; };
		74D1AE9C2F17F8C00078A524 /* ViewController.swift */ = {isa = PBXFileReference; lastKnownFileType = sourcecode.swift; path = ViewController.swift; sourceTree = "<group>"; };
		74D1AE9E2F17F8C00078A524 /* RegattaTimer.xcdatamodel */ = {isa = PBXFileReference; lastKnownFileType = wrapper.xcdatamodel; path = RegattaTimer.xcdatamodel; sourceTree = "<group>"; };
		74E2F18E2F0E49050077B7C4 /* 44RegattaTimer.app */ = {isa = PBXFileReference; explicitFileType = wrapper.application; includeInIndex = 0; path = 44RegattaTimer.app; sourceTree = BUILT_PRODUCTS_DIR; };
		AACC41BC277E46DFE6FDC3AB /* Pods_44RegattaTimer.framework */ = {isa = PBXFileReference; explicitFileType = wrapper.framework; includeInIndex = 0; path = Pods_44RegattaTimer.framework; sourceTree = BUILT_PRODUCTS_DIR; };
		AC76D99840DBD1A64EF1EDE0 /* Pods-44RegattaTimer.debug.xcconfig */ = {isa = PBXFileReference; includeInIndex = 1; lastKnownFileType = text.xcconfig; name = "Pods-44RegattaTimer.debug.xcconfig"; path = "Target Support Files/Pods-44RegattaTimer/Pods-44RegattaTimer.debug.xcconfig"; sourceTree = "<group>"; };
/* End PBXFileReference section */

/* Begin PBXFrameworksBuildPhase section */
		74E2F18B2F0E49050077B7C4 /* Frameworks */ = {
			isa = PBXFrameworksBuildPhase;
			buildActionMask = 2147483647;
			files = (
			);
			runOnlyForDeploymentPostprocessing = 0;
		};
/* End PBXFrameworksBuildPhase section */

/* Begin PBXGroup section */
		6C368B97BAB85EA09A02ABBB /* Frameworks */ = {
			isa = PBXGroup;
			children = (
				AACC41BC277E46DFE6FDC3AB /* Pods_44RegattaTimer.framework */,
			);
			name = Frameworks;
			sourceTree = "<group>";
		};
		74D1AE5A2F17F8C00078A524 /* Entities */ = {
			isa = PBXGroup;
			children = (
				74D1AE592F17F8C00078A524 /* ProgramEntity.swift */,
			);
			path = Entities;
			sourceTree = "<group>";
		};
		74D1AE5E2F17F8C00078A524 /* Data */ = {
			isa = PBXGroup;
			children = (
				74D1AE5A2F17F8C00078A524 /* Entities */,
				74D1AE5B2F17F8C00078A524 /* CoreDataStack.swift */,
				74D1AE5C2F17F8C00078A524 /* PersistenceService.swift */,
				74D1AE5D2F17F8C00078A524 /* RegattaTimer.xcdatamodeld */,
			);
			path = Data;
			sourceTree = "<group>";
		};
		74D1AE672F17F8C00078A524 /* Models */ = {
			isa = PBXGroup;
			children = (
				74D1AE5F2F17F8C00078A524 /* Achievement.swift */,
				74D1AE602F17F8C00078A524 /* Goal.swift */,
				74D1AE612F17F8C00078A524 /* Interval.swift */,
				74D1AE622F17F8C00078A524 /* IntervalType.swift */,
				74D1AE632F17F8C00078A524 /* Program.swift */,
				74D1AE642F17F8C00078A524 /* ScheduledWorkout.swift */,
				74D1AE652F17F8C00078A524 /* SessionResult.swift */,
				74D1AE662F17F8C00078A524 /* WorkoutMode.swift */,
			);
			path = Models;
			sourceTree = "<group>";
		};
		74D1AE6E2F17F8C00078A524 /* Services */ = {
			isa = PBXGroup;
			children = (
				74D1AE682F17F8C00078A524 /* AchievementService.swift */,
				74D1AE692F17F8C00078A524 /* AudioService.swift */,
				74D1AE6A2F17F8C00078A524 /* GoalService.swift */,
				74D1AE6B2F17F8C00078A524 /* PaceGhostService.swift */,
				74D1AE6C2F17F8C00078A524 /* ScheduleService.swift */,
				74D1AE6D2F17F8C00078A524 /* TimerEngine.swift */,
			);
			path = Services;
			sourceTree = "<group>";
		};
		74D1AE702F17F8C00078A524 /* Utilities */ = {
			isa = PBXGroup;
			children = (
				74D1AE6F2F17F8C00078A524 /* ColorTheme.swift */,
			);
			path = Utilities;
			sourceTree = "<group>";
		};
		74D1AE712F17F8C00078A524 /* Core */ = {
			isa = PBXGroup;
			children = (
				74D1AE5E2F17F8C00078A524 /* Data */,
				74D1AE672F17F8C00078A524 /* Models */,
				74D1AE6E2F17F8C00078A524 /* Services */,
				74D1AE702F17F8C00078A524 /* Utilities */,
			);
			path = Core;
			sourceTree = "<group>";
		};
		74D1AE732F17F8C00078A524 /* Achievements */ = {
			isa = PBXGroup;
			children = (
				74D1AE722F17F8C00078A524 /* AchievementsView.swift */,
			);
			path = Achievements;
			sourceTree = "<group>";
		};
		74D1AE772F17F8C00078A524 /* Goals */ = {
			isa = PBXGroup;
			children = (
				74D1AE742F17F8C00078A524 /* GoalEditorView.swift */,
				74D1AE752F17F8C00078A524 /* GoalsView.swift */,
				74D1AE762F17F8C00078A524 /* ScheduleEditorView.swift */,
			);
			path = Goals;
			sourceTree = "<group>";
		};
		74D1AE7B2F17F8C00078A524 /* LoadingView */ = {
			isa = PBXGroup;
			children = (
				74D1AE782F17F8C00078A524 /* CheckLink.swift */,
				74D1AE792F17F8C00078A524 /* InternetViewController.swift */,
				74D1AE7A2F17F8C00078A524 /* LoaderViewController.swift */,
			);
			path = LoadingView;
			sourceTree = "<group>";
		};
		74D1AE7D2F17F8C00078A524 /* Onboarding */ = {
			isa = PBXGroup;
			children = (
				74D1AE7C2F17F8C00078A524 /* OnboardingView.swift */,
			);
			path = Onboarding;
			sourceTree = "<group>";
		};
		74D1AE802F17F8C00078A524 /* ProgramEditor */ = {
			isa = PBXGroup;
			children = (
				74D1AE7E2F17F8C00078A524 /* ProgramEditorView.swift */,
				74D1AE7F2F17F8C00078A524 /* ProgramEditorViewModel.swift */,
			);
			path = ProgramEditor;
			sourceTree = "<group>";
		};
		74D1AE842F17F8C00078A524 /* ProgramList */ = {
			isa = PBXGroup;
			children = (
				74D1AE812F17F8C00078A524 /* ProgramListView.swift */,
				74D1AE822F17F8C00078A524 /* ProgramListViewModel.swift */,
				74D1AE832F17F8C00078A524 /* WorkoutModeSelectorView.swift */,
			);
			path = ProgramList;
			sourceTree = "<group>";
		};
		74D1AE872F17F8C00078A524 /* RaceView */ = {
			isa = PBXGroup;
			children = (
				74D1AE852F17F8C00078A524 /* RaceView.swift */,
				74D1AE862F17F8C00078A524 /* RaceViewModel.swift */,
			);
			path = RaceView;
			sourceTree = "<group>";
		};
		74D1AE8A2F17F8C00078A524 /* SessionHistory */ = {
			isa = PBXGroup;
			children = (
				74D1AE882F17F8C00078A524 /* HistoryViewModel.swift */,
				74D1AE892F17F8C00078A524 /* SessionResultView.swift */,
			);
			path = SessionHistory;
			sourceTree = "<group>";
		};
		74D1AE8C2F17F8C00078A524 /* Settings */ = {
			isa = PBXGroup;
			children = (
				74D1AE8B2F17F8C00078A524 /* SettingsView.swift */,
			);
			path = Settings;
			sourceTree = "<group>";
		};
		74D1AE912F17F8C00078A524 /* Statistics */ = {
			isa = PBXGroup;
			children = (
				74D1AE8D2F17F8C00078A524 /* AnalyticsView.swift */,
				74D1AE8E2F17F8C00078A524 /* HistoryView.swift */,
				74D1AE8F2F17F8C00078A524 /* ProgressChartView.swift */,
				74D1AE902F17F8C00078A524 /* StatisticsViewModel.swift */,
			);
			path = Statistics;
			sourceTree = "<group>";
		};
		74D1AE922F17F8C00078A524 /* Modules */ = {
			isa = PBXGroup;
			children = (
				74D1AE732F17F8C00078A524 /* Achievements */,
				74D1AE772F17F8C00078A524 /* Goals */,
				74D1AE7B2F17F8C00078A524 /* LoadingView */,
				74D1AE7D2F17F8C00078A524 /* Onboarding */,
				74D1AE802F17F8C00078A524 /* ProgramEditor */,
				74D1AE842F17F8C00078A524 /* ProgramList */,
				74D1AE872F17F8C00078A524 /* RaceView */,
				74D1AE8A2F17F8C00078A524 /* SessionHistory */,
				74D1AE8C2F17F8C00078A524 /* Settings */,
				74D1AE912F17F8C00078A524 /* Statistics */,
			);
			path = Modules;
			sourceTree = "<group>";
		};
		74D1AE9D2F17F8C00078A524 /* 44RegattaTimer */ = {
			isa = PBXGroup;
			children = (
				74D1AE712F17F8C00078A524 /* Core */,
				74D1AE922F17F8C00078A524 /* Modules */,
				74D1AE932F17F8C00078A524 /* AppDelegate.swift */,
				74D1AE942F17F8C00078A524 /* Assets.xcassets */,
				74D1AE952F17F8C00078A524 /* ContentView.swift */,
				74D1AE962F17F8C00078A524 /* Info.plist */,
				74D1AE982F17F8C00078A524 /* LaunchScreen.storyboard */,
				74D1AE9A2F17F8C00078A524 /* Main.storyboard */,
				74D1AE9B2F17F8C00078A524 /* SceneDelegate.swift */,
				74D1AE9C2F17F8C00078A524 /* ViewController.swift */,
			);
			path = 44RegattaTimer;
			sourceTree = "<group>";
		};
		74E2F1852F0E49050077B7C4 = {
			isa = PBXGroup;
			children = (
				74D1AE9D2F17F8C00078A524 /* 44RegattaTimer */,
				74E2F18F2F0E49050077B7C4 /* Products */,
				CB7D37EB93F4E01D53A761E0 /* Pods */,
				6C368B97BAB85EA09A02ABBB /* Frameworks */,
			);
			sourceTree = "<group>";
		};
		74E2F18F2F0E49050077B7C4 /* Products */ = {
			isa = PBXGroup;
			children = (
				74E2F18E2F0E49050077B7C4 /* 44RegattaTimer.app */,
			);
			name = Products;
			sourceTree = "<group>";
		};
		CB7D37EB93F4E01D53A761E0 /* Pods */ = {
			isa = PBXGroup;
			children = (
				AC76D99840DBD1A64EF1EDE0 /* Pods-44RegattaTimer.debug.xcconfig */,
				0A09F4070AE69C7B249017F5 /* Pods-44RegattaTimer.release.xcconfig */,
			);
			path = Pods;
			sourceTree = "<group>";
		};
/* End PBXGroup section */

/* Begin PBXNativeTarget section */
		74E2F18D2F0E49050077B7C4 /* 44RegattaTimer */ = {
			isa = PBXNativeTarget;
			buildConfigurationList = 74E2F1A12F0E49060077B7C4 /* Build configuration list for PBXNativeTarget "44RegattaTimer" */;
			buildPhases = (
				6A927F8D0F9DDF5C8CE4E537 /* [CP] Check Pods Manifest.lock */,
				74E2F18A2F0E49050077B7C4 /* Sources */,
				74E2F18B2F0E49050077B7C4 /* Frameworks */,
				74E2F18C2F0E49050077B7C4 /* Resources */,
			);
			buildRules = (
			);
			dependencies = (
			);
			name = 44RegattaTimer;
			productName = 44RegattaTimer;
			productReference = 74E2F18E2F0E49050077B7C4 /* 44RegattaTimer.app */;
			productType = "com.apple.product-type.application";
		};
/* End PBXNativeTarget section */

/* Begin PBXProject section */
		74E2F1862F0E49050077B7C4 /* Project object */ = {
			isa = PBXProject;
			attributes = {
				BuildIndependentTargetsInParallel = 1;
				LastSwiftUpdateCheck = 2620;
				LastUpgradeCheck = 2620;
				TargetAttributes = {
					74E2F18D2F0E49050077B7C4 = {
						CreatedOnToolsVersion = 26.2;
					};
				};
			};
			buildConfigurationList = 74E2F1892F0E49050077B7C4 /* Build configuration list for PBXProject "44RegattaTimer" */;
			compatibilityVersion = "Xcode 15.0";
			developmentRegion = en;
			hasScannedForEncodings = 0;
			knownRegions = (
				en,
				Base,
			);
			mainGroup = 74E2F1852F0E49050077B7C4;
			productRefGroup = 74E2F18F2F0E49050077B7C4 /* Products */;
			projectDirPath = "";
			projectRoot = "";
			targets = (
				74E2F18D2F0E49050077B7C4 /* 44RegattaTimer */,
			);
		};
/* End PBXProject section */

/* Begin PBXResourcesBuildPhase section */
		74E2F18C2F0E49050077B7C4 /* Resources */ = {
			isa = PBXResourcesBuildPhase;
			buildActionMask = 2147483647;
			files = (
				74D1AECC2F17F8C00078A524 /* Assets.xcassets in Resources */,
				74D1AECE2F17F8C00078A524 /* LaunchScreen.storyboard in Resources */,
				74D1AECF2F17F8C00078A524 /* Main.storyboard in Resources */,
			);
			runOnlyForDeploymentPostprocessing = 0;
		};
/* End PBXResourcesBuildPhase section */

/* Begin PBXShellScriptBuildPhase section */
		6A927F8D0F9DDF5C8CE4E537 /* [CP] Check Pods Manifest.lock */ = {
			isa = PBXShellScriptBuildPhase;
			buildActionMask = 2147483647;
			files = (
			);
			inputFileListPaths = (
			);
			inputPaths = (
				"${PODS_PODFILE_DIR_PATH}/Podfile.lock",
				"${PODS_ROOT}/Manifest.lock",
			);
			name = "[CP] Check Pods Manifest.lock";
			outputFileListPaths = (
			);
			outputPaths = (
				"$(DERIVED_FILE_DIR)/Pods-44RegattaTimer-checkManifestLockResult.txt",
			);
			runOnlyForDeploymentPostprocessing = 0;
			shellPath = /bin/sh;
			shellScript = "diff \"${PODS_PODFILE_DIR_PATH}/Podfile.lock\" \"${PODS_ROOT}/Manifest.lock\" > /dev/null\nif [ $? != 0 ] ; then\n    # print error to STDERR\n    echo \"error: The sandbox is not in sync with the Podfile.lock. Run 'pod install' or update your CocoaPods installation.\" >&2\n    exit 1\nfi\n# This output is used by Xcode 'outputs' to avoid re-running this script phase.\necho \"SUCCESS\" > \"${SCRIPT_OUTPUT_FILE_0}\"\n";
			showEnvVarsInLog = 0;
		};
/* End PBXShellScriptBuildPhase section */

/* Begin PBXSourcesBuildPhase section */
		74E2F18A2F0E49050077B7C4 /* Sources */ = {
			isa = PBXSourcesBuildPhase;
			buildActionMask = 2147483647;
			files = (
				74D1AE9F2F17F8C00078A524 /* ProgramEntity.swift in Sources */,
				74D1AEA02F17F8C00078A524 /* CoreDataStack.swift in Sources */,
				74D1AEA12F17F8C00078A524 /* PersistenceService.swift in Sources */,
				74D1AEA22F17F8C00078A524 /* RegattaTimer.xcdatamodeld in Sources */,
				74D1AEA32F17F8C00078A524 /* Achievement.swift in Sources */,
				74D1AEA42F17F8C00078A524 /* Goal.swift in Sources */,
				74D1AEA52F17F8C00078A524 /* Interval.swift in Sources */,
				74D1AEA62F17F8C00078A524 /* IntervalType.swift in Sources */,
				74D1AEA72F17F8C00078A524 /* Program.swift in Sources */,
				74D1AEA82F17F8C00078A524 /* ScheduledWorkout.swift in Sources */,
				74D1AEA92F17F8C00078A524 /* SessionResult.swift in Sources */,
				74D1AEAA2F17F8C00078A524 /* WorkoutMode.swift in Sources */,
				74D1AEAB2F17F8C00078A524 /* AchievementService.swift in Sources */,
				74D1AEAC2F17F8C00078A524 /* AudioService.swift in Sources */,
				74D1AEAD2F17F8C00078A524 /* GoalService.swift in Sources */,
				74D1AEAE2F17F8C00078A524 /* PaceGhostService.swift in Sources */,
				74D1AEAF2F17F8C00078A524 /* ScheduleService.swift in Sources */,
				74D1AEB02F17F8C00078A524 /* TimerEngine.swift in Sources */,
				74D1AEB12F17F8C00078A524 /* ColorTheme.swift in Sources */,
				74D1AEB22F17F8C00078A524 /* AchievementsView.swift in Sources */,
				74D1AEB32F17F8C00078A524 /* GoalEditorView.swift in Sources */,
				74D1AEB42F17F8C00078A524 /* GoalsView.swift in Sources */,
				74D1AEB52F17F8C00078A524 /* ScheduleEditorView.swift in Sources */,
				74D1AEB62F17F8C00078A524 /* CheckLink.swift in Sources */,
				74D1AEB72F17F8C00078A524 /* InternetViewController.swift in Sources */,
				74D1AEB82F17F8C00078A524 /* LoaderViewController.swift in Sources */,
				74D1AEB92F17F8C00078A524 /* OnboardingView.swift in Sources */,
				74D1AEBA2F17F8C00078A524 /* ProgramEditorView.swift in Sources */,
				74D1AEBB2F17F8C00078A524 /* ProgramEditorViewModel.swift in Sources */,
				74D1AEBC2F17F8C00078A524 /* ProgramListView.swift in Sources */,
				74D1AEBD2F17F8C00078A524 /* ProgramListViewModel.swift in Sources */,
				74D1AEBE2F17F8C00078A524 /* WorkoutModeSelectorView.swift in Sources */,
				74D1AEBF2F17F8C00078A524 /* RaceView.swift in Sources */,
				74D1AEC02F17F8C00078A524 /* RaceViewModel.swift in Sources */,
				74D1AEC12F17F8C00078A524 /* HistoryViewModel.swift in Sources */,
				74D1AEC22F17F8C00078A524 /* SessionResultView.swift in Sources */,
				74D1AEC32F17F8C00078A524 /* SettingsView.swift in Sources */,
				74D1AEC42F17F8C00078A524 /* AnalyticsView.swift in Sources */,
				74D1AEC52F17F8C00078A524 /* HistoryView.swift in Sources */,
				74D1AEC62F17F8C00078A524 /* ProgressChartView.swift in Sources */,
				74D1AEC72F17F8C00078A524 /* StatisticsViewModel.swift in Sources */,
				74D1AEC82F17F8C00078A524 /* AppDelegate.swift in Sources */,
				74D1AEC92F17F8C00078A524 /* ContentView.swift in Sources */,
				74D1AECA2F17F8C00078A524 /* SceneDelegate.swift in Sources */,
				74D1AECB2F17F8C00078A524 /* ViewController.swift in Sources */,
			);
			runOnlyForDeploymentPostprocessing = 0;
		};
/* End PBXSourcesBuildPhase section */

/* Begin PBXVariantGroup section */
		74D1AE982F17F8C00078A524 /* LaunchScreen.storyboard */ = {
			isa = PBXVariantGroup;
			children = (
				74D1AE972F17F8C00078A524 /* Base */,
			);
			name = LaunchScreen.storyboard;
			sourceTree = "<group>";
		};
		74D1AE9A2F17F8C00078A524 /* Main.storyboard */ = {
			isa = PBXVariantGroup;
			children = (
				74D1AE992F17F8C00078A524 /* Base */,
			);
			name = Main.storyboard;
			sourceTree = "<group>";
		};
/* End PBXVariantGroup section */

/* Begin XCBuildConfiguration section */
		74E2F1A22F0E49060077B7C4 /* Debug */ = {
			isa = XCBuildConfiguration;
			baseConfigurationReference = AC76D99840DBD1A64EF1EDE0 /* Pods-44RegattaTimer.debug.xcconfig */;
			buildSettings = {
				ASSETCATALOG_COMPILER_APPICON_NAME = AppIcon;
				ASSETCATALOG_COMPILER_GLOBAL_ACCENT_COLOR_NAME = AccentColor;
				CODE_SIGN_STYLE = Automatic;
				CURRENT_PROJECT_VERSION = 2;
				GENERATE_INFOPLIST_FILE = YES;
				INFOPLIST_FILE = 44RegattaTimer/Info.plist;
				INFOPLIST_KEY_CFBundleDisplayName = "NatioRegatta Timer";
				INFOPLIST_KEY_UIApplicationSupportsIndirectInputEvents = YES;
				INFOPLIST_KEY_UILaunchStoryboardName = LaunchScreen;
				INFOPLIST_KEY_UIMainStoryboardFile = Main;
				INFOPLIST_KEY_UISupportedInterfaceOrientations = UIInterfaceOrientationPortrait;
				INFOPLIST_KEY_UISupportedInterfaceOrientations_iPad = "UIInterfaceOrientationLandscapeLeft UIInterfaceOrientationLandscapeRight UIInterfaceOrientationPortrait UIInterfaceOrientationPortraitUpsideDown";
				IPHONEOS_DEPLOYMENT_TARGET = 16.6;
				LD_RUNPATH_SEARCH_PATHS = (
					"$(inherited)",
					"@executable_path/Frameworks",
				);
				MARKETING_VERSION = 1.0;
				PRODUCT_BUNDLE_IDENTIFIER = com.ted.n4tr6gt8m4r;
				PRODUCT_NAME = "$(TARGET_NAME)";
				STRING_CATALOG_GENERATE_SYMBOLS = YES;
				SUPPORTED_PLATFORMS = "iphoneos iphonesimulator";
				SUPPORTS_MACCATALYST = NO;
				SUPPORTS_MAC_DESIGNED_FOR_IPHONE_IPAD = NO;
				SUPPORTS_XR_DESIGNED_FOR_IPHONE_IPAD = NO;
				SWIFT_APPROACHABLE_CONCURRENCY = YES;
				SWIFT_DEFAULT_ACTOR_ISOLATION = MainActor;
				SWIFT_EMIT_LOC_STRINGS = YES;
				SWIFT_UPCOMING_FEATURE_MEMBER_IMPORT_VISIBILITY = YES;
				SWIFT_VERSION = 5.0;
				TARGETED_DEVICE_FAMILY = 1;
			};
			name = Debug;
		};
		74E2F1A32F0E49060077B7C4 /* Release */ = {
			isa = XCBuildConfiguration;
			baseConfigurationReference = 0A09F4070AE69C7B249017F5 /* Pods-44RegattaTimer.release.xcconfig */;
			buildSettings = {
				ASSETCATALOG_COMPILER_APPICON_NAME = AppIcon;
				ASSETCATALOG_COMPILER_GLOBAL_ACCENT_COLOR_NAME = AccentColor;
				CODE_SIGN_STYLE = Automatic;
				CURRENT_PROJECT_VERSION = 2;
				GENERATE_INFOPLIST_FILE = YES;
				INFOPLIST_FILE = 44RegattaTimer/Info.plist;
				INFOPLIST_KEY_CFBundleDisplayName = "NatioRegatta Timer";
				INFOPLIST_KEY_UIApplicationSupportsIndirectInputEvents = YES;
				INFOPLIST_KEY_UILaunchStoryboardName = LaunchScreen;
				INFOPLIST_KEY_UIMainStoryboardFile = Main;
				INFOPLIST_KEY_UISupportedInterfaceOrientations = UIInterfaceOrientationPortrait;
				INFOPLIST_KEY_UISupportedInterfaceOrientations_iPad = "UIInterfaceOrientationLandscapeLeft UIInterfaceOrientationLandscapeRight UIInterfaceOrientationPortrait UIInterfaceOrientationPortraitUpsideDown";
				IPHONEOS_DEPLOYMENT_TARGET = 16.6;
				LD_RUNPATH_SEARCH_PATHS = (
					"$(inherited)",
					"@executable_path/Frameworks",
				);
				MARKETING_VERSION = 1.0;
				PRODUCT_BUNDLE_IDENTIFIER = com.ted.n4tr6gt8m4r;
				PRODUCT_NAME = "$(TARGET_NAME)";
				STRING_CATALOG_GENERATE_SYMBOLS = YES;
				SUPPORTED_PLATFORMS = "iphoneos iphonesimulator";
				SUPPORTS_MACCATALYST = NO;
				SUPPORTS_MAC_DESIGNED_FOR_IPHONE_IPAD = NO;
				SUPPORTS_XR_DESIGNED_FOR_IPHONE_IPAD = NO;
				SWIFT_APPROACHABLE_CONCURRENCY = YES;
				SWIFT_DEFAULT_ACTOR_ISOLATION = MainActor;
				SWIFT_EMIT_LOC_STRINGS = YES;
				SWIFT_UPCOMING_FEATURE_MEMBER_IMPORT_VISIBILITY = YES;
				SWIFT_VERSION = 5.0;
				TARGETED_DEVICE_FAMILY = 1;
			};
			name = Release;
		};
		74E2F1A42F0E49060077B7C4 /* Debug */ = {
			isa = XCBuildConfiguration;
			buildSettings = {
				ALWAYS_SEARCH_USER_PATHS = NO;
				ASSETCATALOG_COMPILER_GENERATE_SWIFT_ASSET_SYMBOL_EXTENSIONS = YES;
				CLANG_ANALYZER_NONNULL = YES;
				CLANG_ANALYZER_NUMBER_OBJECT_CONVERSION = YES_AGGRESSIVE;
				CLANG_CXX_LANGUAGE_STANDARD = "gnu++20";
				CLANG_ENABLE_MODULES = YES;
				CLANG_ENABLE_OBJC_ARC = YES;
				CLANG_ENABLE_OBJC_WEAK = YES;
				CLANG_WARN_BLOCK_CAPTURE_AUTORELEASING = YES;
				CLANG_WARN_BOOL_CONVERSION = YES;
				CLANG_WARN_COMMA = YES;
				CLANG_WARN_CONSTANT_CONVERSION = YES;
				CLANG_WARN_DEPRECATED_OBJC_IMPLEMENTATIONS = YES;
				CLANG_WARN_DIRECT_OBJC_ISA_USAGE = YES_ERROR;
				CLANG_WARN_DOCUMENTATION_COMMENTS = YES;
				CLANG_WARN_EMPTY_BODY = YES;
				CLANG_WARN_ENUM_CONVERSION = YES;
				CLANG_WARN_INFINITE_RECURSION = YES;
				CLANG_WARN_INT_CONVERSION = YES;
				CLANG_WARN_NON_LITERAL_NULL_CONVERSION = YES;
				CLANG_WARN_OBJC_IMPLICIT_RETAIN_SELF = YES;
				CLANG_WARN_OBJC_LITERAL_CONVERSION = YES;
				CLANG_WARN_OBJC_ROOT_CLASS = YES_ERROR;
				CLANG_WARN_QUOTED_INCLUDE_IN_FRAMEWORK_HEADER = YES;
				CLANG_WARN_RANGE_LOOP_ANALYSIS = YES;
				CLANG_WARN_STRICT_PROTOTYPES = YES;
				CLANG_WARN_SUSPICIOUS_MOVE = YES;
				CLANG_WARN_UNGUARDED_AVAILABILITY = YES_AGGRESSIVE;
				CLANG_WARN_UNREACHABLE_CODE = YES;
				CLANG_WARN__DUPLICATE_METHOD_MATCH = YES;
				COPY_PHASE_STRIP = NO;
				DEBUG_INFORMATION_FORMAT = dwarf;
				ENABLE_STRICT_OBJC_MSGSEND = YES;
				ENABLE_TESTABILITY = YES;
				ENABLE_USER_SCRIPT_SANDBOXING = YES;
				GCC_C_LANGUAGE_STANDARD = gnu17;
				GCC_DYNAMIC_NO_PIC = NO;
				GCC_NO_COMMON_BLOCKS = YES;
				GCC_OPTIMIZATION_LEVEL = 0;
				GCC_PREPROCESSOR_DEFINITIONS = (
					"DEBUG=1",
					"$(inherited)",
				);
				GCC_WARN_64_TO_32_BIT_CONVERSION = YES;
				GCC_WARN_ABOUT_RETURN_TYPE = YES_ERROR;
				GCC_WARN_UNDECLARED_SELECTOR = YES;
				GCC_WARN_UNINITIALIZED_AUTOS = YES_AGGRESSIVE;
				GCC_WARN_UNUSED_FUNCTION = YES;
				GCC_WARN_UNUSED_VARIABLE = YES;
				IPHONEOS_DEPLOYMENT_TARGET = 26.2;
				LOCALIZATION_PREFERS_STRING_CATALOGS = YES;
				MTL_ENABLE_DEBUG_INFO = INCLUDE_SOURCE;
				MTL_FAST_MATH = YES;
				ONLY_ACTIVE_ARCH = YES;
				SDKROOT = iphoneos;
				SWIFT_ACTIVE_COMPILATION_CONDITIONS = "DEBUG $(inherited)";
				SWIFT_OPTIMIZATION_LEVEL = "-Onone";
			};
			name = Debug;
		};
		74E2F1A52F0E49060077B7C4 /* Release */ = {
			isa = XCBuildConfiguration;
			buildSettings = {
				ALWAYS_SEARCH_USER_PATHS = NO;
				ASSETCATALOG_COMPILER_GENERATE_SWIFT_ASSET_SYMBOL_EXTENSIONS = YES;
				CLANG_ANALYZER_NONNULL = YES;
				CLANG_ANALYZER_NUMBER_OBJECT_CONVERSION = YES_AGGRESSIVE;
				CLANG_CXX_LANGUAGE_STANDARD = "gnu++20";
				CLANG_ENABLE_MODULES = YES;
				CLANG_ENABLE_OBJC_ARC = YES;
				CLANG_ENABLE_OBJC_WEAK = YES;
				CLANG_WARN_BLOCK_CAPTURE_AUTORELEASING = YES;
				CLANG_WARN_BOOL_CONVERSION = YES;
				CLANG_WARN_COMMA = YES;
				CLANG_WARN_CONSTANT_CONVERSION = YES;
				CLANG_WARN_DEPRECATED_OBJC_IMPLEMENTATIONS = YES;
				CLANG_WARN_DIRECT_OBJC_ISA_USAGE = YES_ERROR;
				CLANG_WARN_DOCUMENTATION_COMMENTS = YES;
				CLANG_WARN_EMPTY_BODY = YES;
				CLANG_WARN_ENUM_CONVERSION = YES;
				CLANG_WARN_INFINITE_RECURSION = YES;
				CLANG_WARN_INT_CONVERSION = YES;
				CLANG_WARN_NON_LITERAL_NULL_CONVERSION = YES;
				CLANG_WARN_OBJC_IMPLICIT_RETAIN_SELF = YES;
				CLANG_WARN_OBJC_LITERAL_CONVERSION = YES;
				CLANG_WARN_OBJC_ROOT_CLASS = YES_ERROR;
				CLANG_WARN_QUOTED_INCLUDE_IN_FRAMEWORK_HEADER = YES;
				CLANG_WARN_RANGE_LOOP_ANALYSIS = YES;
				CLANG_WARN_STRICT_PROTOTYPES = YES;
				CLANG_WARN_SUSPICIOUS_MOVE = YES;
				CLANG_WARN_UNGUARDED_AVAILABILITY = YES_AGGRESSIVE;
				CLANG_WARN_UNREACHABLE_CODE = YES;
				CLANG_WARN__DUPLICATE_METHOD_MATCH = YES;
				COPY_PHASE_STRIP = NO;
				DEBUG_INFORMATION_FORMAT = "dwarf-with-dsym";
				ENABLE_NS_ASSERTIONS = NO;
				ENABLE_STRICT_OBJC_MSGSEND = YES;
				ENABLE_USER_SCRIPT_SANDBOXING = YES;
				GCC_C_LANGUAGE_STANDARD = gnu17;
				GCC_NO_COMMON_BLOCKS = YES;
				GCC_WARN_64_TO_32_BIT_CONVERSION = YES;
				GCC_WARN_ABOUT_RETURN_TYPE = YES_ERROR;
				GCC_WARN_UNDECLARED_SELECTOR = YES;
				GCC_WARN_UNINITIALIZED_AUTOS = YES_AGGRESSIVE;
				GCC_WARN_UNUSED_FUNCTION = YES;
				GCC_WARN_UNUSED_VARIABLE = YES;
				IPHONEOS_DEPLOYMENT_TARGET = 26.2;
				LOCALIZATION_PREFERS_STRING_CATALOGS = YES;
				MTL_ENABLE_DEBUG_INFO = NO;
				MTL_FAST_MATH = YES;
				SDKROOT = iphoneos;
				SWIFT_COMPILATION_MODE = wholemodule;
				VALIDATE_PRODUCT = YES;
			};
			name = Release;
		};
/* End XCBuildConfiguration section */

/* Begin XCConfigurationList section */
		74E2F1892F0E49050077B7C4 /* Build configuration list for PBXProject "44RegattaTimer" */ = {
			isa = XCConfigurationList;
			buildConfigurations = (
				74E2F1A42F0E49060077B7C4 /* Debug */,
				74E2F1A52F0E49060077B7C4 /* Release */,
			);
			defaultConfigurationIsVisible = 0;
			defaultConfigurationName = Release;
		};
		74E2F1A12F0E49060077B7C4 /* Build configuration list for PBXNativeTarget "44RegattaTimer" */ = {
			isa = XCConfigurationList;
			buildConfigurations = (
				74E2F1A22F0E49060077B7C4 /* Debug */,
				74E2F1A32F0E49060077B7C4 /* Release */,
			);
			defaultConfigurationIsVisible = 0;
			defaultConfigurationName = Release;
		};
/* End XCConfigurationList section */

/* Begin XCVersionGroup section */
		74D1AE5D2F17F8C00078A524 /* RegattaTimer.xcdatamodeld */ = {
			isa = XCVersionGroup;
			children = (
				74D1AE9E2F17F8C00078A524 /* RegattaTimer.xcdatamodel */,
			);
			currentVersion = 74D1AE9E2F17F8C00078A524 /* RegattaTimer.xcdatamodel */;
			path = RegattaTimer.xcdatamodeld;
			sourceTree = "<group>";
			versionGroupType = wrapper.xcdatamodel;
		};
/* End XCVersionGroup section */
	};
	rootObject = 74E2F1862F0E49050077B7C4 /* Project object */;
}
