// !$*UTF8*$!
{
	archiveVersion = 1;
	classes = {
	};
	objectVersion = 60;
	objects = {

/* Begin PBXBuildFile section */
		74ADD6882F16212300947F23 /* ProgramEntity.swift in Sources */ = {isa = PBXBuildFile; fileRef = 74ADD6422F16212300947F23 /* ProgramEntity.swift */; };
		74ADD6892F16212300947F23 /* CoreDataStack.swift in Sources */ = {isa = PBXBuildFile; fileRef = 74ADD6442F16212300947F23 /* CoreDataStack.swift */; };
		74ADD68A2F16212300947F23 /* PersistenceService.swift in Sources */ = {isa = PBXBuildFile; fileRef = 74ADD6452F16212300947F23 /* PersistenceService.swift */; };
		74ADD68B2F16212300947F23 /* RegattaTimer.xcdatamodeld in Sources */ = {isa = PBXBuildFile; fileRef = 74ADD6462F16212300947F23 /* RegattaTimer.xcdatamodeld */; };
		74ADD68C2F16212300947F23 /* Achievement.swift in Sources */ = {isa = PBXBuildFile; fileRef = 74ADD6482F16212300947F23 /* Achievement.swift */; };
		74ADD68D2F16212300947F23 /* Goal.swift in Sources */ = {isa = PBXBuildFile; fileRef = 74ADD6492F16212300947F23 /* Goal.swift */; };
		74ADD68E2F16212300947F23 /* Interval.swift in Sources */ = {isa = PBXBuildFile; fileRef = 74ADD64A2F16212300947F23 /* Interval.swift */; };
		74ADD68F2F16212300947F23 /* IntervalType.swift in Sources */ = {isa = PBXBuildFile; fileRef = 74ADD64B2F16212300947F23 /* IntervalType.swift */; };
		74ADD6902F16212300947F23 /* Program.swift in Sources */ = {isa = PBXBuildFile; fileRef = 74ADD64C2F16212300947F23 /* Program.swift */; };
		74ADD6912F16212300947F23 /* ScheduledWorkout.swift in Sources */ = {isa = PBXBuildFile; fileRef = 74ADD64D2F16212300947F23 /* ScheduledWorkout.swift */; };
		74ADD6922F16212300947F23 /* SessionResult.swift in Sources */ = {isa = PBXBuildFile; fileRef = 74ADD64E2F16212300947F23 /* SessionResult.swift */; };
		74ADD6932F16212300947F23 /* WorkoutMode.swift in Sources */ = {isa = PBXBuildFile; fileRef = 74ADD64F2F16212300947F23 /* WorkoutMode.swift */; };
		74ADD6942F16212300947F23 /* AchievementService.swift in Sources */ = {isa = PBXBuildFile; fileRef = 74ADD6512F16212300947F23 /* AchievementService.swift */; };
		74ADD6952F16212300947F23 /* AudioService.swift in Sources */ = {isa = PBXBuildFile; fileRef = 74ADD6522F16212300947F23 /* AudioService.swift */; };
		74ADD6962F16212300947F23 /* GoalService.swift in Sources */ = {isa = PBXBuildFile; fileRef = 74ADD6532F16212300947F23 /* GoalService.swift */; };
		74ADD6972F16212300947F23 /* PaceGhostService.swift in Sources */ = {isa = PBXBuildFile; fileRef = 74ADD6542F16212300947F23 /* PaceGhostService.swift */; };
		74ADD6982F16212300947F23 /* ScheduleService.swift in Sources */ = {isa = PBXBuildFile; fileRef = 74ADD6552F16212300947F23 /* ScheduleService.swift */; };
		74ADD6992F16212300947F23 /* TimerEngine.swift in Sources */ = {isa = PBXBuildFile; fileRef = 74ADD6562F16212300947F23 /* TimerEngine.swift */; };
		74ADD69A2F16212300947F23 /* ColorTheme.swift in Sources */ = {isa = PBXBuildFile; fileRef = 74ADD6582F16212300947F23 /* ColorTheme.swift */; };
		74ADD69B2F16212300947F23 /* AchievementsView.swift in Sources */ = {isa = PBXBuildFile; fileRef = 74ADD65B2F16212300947F23 /* AchievementsView.swift */; };
		74ADD69C2F16212300947F23 /* GoalEditorView.swift in Sources */ = {isa = PBXBuildFile; fileRef = 74ADD65D2F16212300947F23 /* GoalEditorView.swift */; };
		74ADD69D2F16212300947F23 /* GoalsView.swift in Sources */ = {isa = PBXBuildFile; fileRef = 74ADD65E2F16212300947F23 /* GoalsView.swift */; };
		74ADD69E2F16212300947F23 /* ScheduleEditorView.swift in Sources */ = {isa = PBXBuildFile; fileRef = 74ADD65F2F16212300947F23 /* ScheduleEditorView.swift */; };
		74ADD69F2F16212300947F23 /* CheckLink.swift in Sources */ = {isa = PBXBuildFile; fileRef = 74ADD6612F16212300947F23 /* CheckLink.swift */; };
		74ADD6A02F16212300947F23 /* InternetViewController.swift in Sources */ = {isa = PBXBuildFile; fileRef = 74ADD6622F16212300947F23 /* InternetViewController.swift */; };
		74ADD6A12F16212300947F23 /* LoaderViewController.swift in Sources */ = {isa = PBXBuildFile; fileRef = 74ADD6632F16212300947F23 /* LoaderViewController.swift */; };
		74ADD6A22F16212300947F23 /* OnboardingView.swift in Sources */ = {isa = PBXBuildFile; fileRef = 74ADD6652F16212300947F23 /* OnboardingView.swift */; };
		74ADD6A32F16212300947F23 /* ProgramEditorView.swift in Sources */ = {isa = PBXBuildFile; fileRef = 74ADD6672F16212300947F23 /* ProgramEditorView.swift */; };
		74ADD6A42F16212300947F23 /* ProgramEditorViewModel.swift in Sources */ = {isa = PBXBuildFile; fileRef = 74ADD6682F16212300947F23 /* ProgramEditorViewModel.swift */; };
		74ADD6A52F16212300947F23 /* ProgramListView.swift in Sources */ = {isa = PBXBuildFile; fileRef = 74ADD66A2F16212300947F23 /* ProgramListView.swift */; };
		74ADD6A62F16212300947F23 /* ProgramListViewModel.swift in Sources */ = {isa = PBXBuildFile; fileRef = 74ADD66B2F16212300947F23 /* ProgramListViewModel.swift */; };
		74ADD6A72F16212300947F23 /* WorkoutModeSelectorView.swift in Sources */ = {isa = PBXBuildFile; fileRef = 74ADD66C2F16212300947F23 /* WorkoutModeSelectorView.swift */; };
		74ADD6A82F16212300947F23 /* RaceView.swift in Sources */ = {isa = PBXBuildFile; fileRef = 74ADD66E2F16212300947F23 /* RaceView.swift */; };
		74ADD6A92F16212300947F23 /* RaceViewModel.swift in Sources */ = {isa = PBXBuildFile; fileRef = 74ADD66F2F16212300947F23 /* RaceViewModel.swift */; };
		74ADD6AA2F16212300947F23 /* HistoryViewModel.swift in Sources */ = {isa = PBXBuildFile; fileRef = 74ADD6712F16212300947F23 /* HistoryViewModel.swift */; };
		74ADD6AB2F16212300947F23 /* SessionResultView.swift in Sources */ = {isa = PBXBuildFile; fileRef = 74ADD6722F16212300947F23 /* SessionResultView.swift */; };
		74ADD6AC2F16212300947F23 /* SettingsView.swift in Sources */ = {isa = PBXBuildFile; fileRef = 74ADD6742F16212300947F23 /* SettingsView.swift */; };
		74ADD6AD2F16212300947F23 /* AnalyticsView.swift in Sources */ = {isa = PBXBuildFile; fileRef = 74ADD6762F16212300947F23 /* AnalyticsView.swift */; };
		74ADD6AE2F16212300947F23 /* HistoryView.swift in Sources */ = {isa = PBXBuildFile; fileRef = 74ADD6772F16212300947F23 /* HistoryView.swift */; };
		74ADD6AF2F16212300947F23 /* ProgressChartView.swift in Sources */ = {isa = PBXBuildFile; fileRef = 74ADD6782F16212300947F23 /* ProgressChartView.swift */; };
		74ADD6B02F16212300947F23 /* StatisticsViewModel.swift in Sources */ = {isa = PBXBuildFile; fileRef = 74ADD6792F16212300947F23 /* StatisticsViewModel.swift */; };
		74ADD6B12F16212300947F23 /* AppDelegate.swift in Sources */ = {isa = PBXBuildFile; fileRef = 74ADD67C2F16212300947F23 /* AppDelegate.swift */; };
		74ADD6B22F16212300947F23 /* ContentView.swift in Sources */ = {isa = PBXBuildFile; fileRef = 74ADD67E2F16212300947F23 /* ContentView.swift */; };
		74ADD6B32F16212300947F23 /* SceneDelegate.swift in Sources */ = {isa = PBXBuildFile; fileRef = 74ADD6842F16212300947F23 /* SceneDelegate.swift */; };
		74ADD6B42F16212300947F23 /* ViewController.swift in Sources */ = {isa = PBXBuildFile; fileRef = 74ADD6852F16212300947F23 /* ViewController.swift */; };
		74ADD6B52F16212300947F23 /* Assets.xcassets in Resources */ = {isa = PBXBuildFile; fileRef = 74ADD67D2F16212300947F23 /* Assets.xcassets */; };
		74ADD6B72F16212300947F23 /* LaunchScreen.storyboard in Resources */ = {isa = PBXBuildFile; fileRef = 74ADD6812F16212300947F23 /* LaunchScreen.storyboard */; };
		74ADD6B82F16212300947F23 /* Main.storyboard in Resources */ = {isa = PBXBuildFile; fileRef = 74ADD6832F16212300947F23 /* Main.storyboard */; };
/* End PBXBuildFile section */

/* Begin PBXFileReference section */
		0A09F4070AE69C7B249017F5 /* Pods-44RegattaTimer.release.xcconfig */ = {isa = PBXFileReference; includeInIndex = 1; lastKnownFileType = text.xcconfig; name = "Pods-44RegattaTimer.release.xcconfig"; path = "Target Support Files/Pods-44RegattaTimer/Pods-44RegattaTimer.release.xcconfig"; sourceTree = "<group>"; };
		74ADD6422F16212300947F23 /* ProgramEntity.swift */ = {isa = PBXFileReference; lastKnownFileType = sourcecode.swift; path = ProgramEntity.swift; sourceTree = "<group>"; };
		74ADD6442F16212300947F23 /* CoreDataStack.swift */ = {isa = PBXFileReference; lastKnownFileType = sourcecode.swift; path = CoreDataStack.swift; sourceTree = "<group>"; };
		74ADD6452F16212300947F23 /* PersistenceService.swift */ = {isa = PBXFileReference; lastKnownFileType = sourcecode.swift; path = PersistenceService.swift; sourceTree = "<group>"; };
		74ADD6482F16212300947F23 /* Achievement.swift */ = {isa = PBXFileReference; lastKnownFileType = sourcecode.swift; path = Achievement.swift; sourceTree = "<group>"; };
		74ADD6492F16212300947F23 /* Goal.swift */ = {isa = PBXFileReference; lastKnownFileType = sourcecode.swift; path = Goal.swift; sourceTree = "<group>"; };
		74ADD64A2F16212300947F23 /* Interval.swift */ = {isa = PBXFileReference; lastKnownFileType = sourcecode.swift; path = Interval.swift; sourceTree = "<group>"; };
		74ADD64B2F16212300947F23 /* IntervalType.swift */ = {isa = PBXFileReference; lastKnownFileType = sourcecode.swift; path = IntervalType.swift; sourceTree = "<group>"; };
		74ADD64C2F16212300947F23 /* Program.swift */ = {isa = PBXFileReference; lastKnownFileType = sourcecode.swift; path = Program.swift; sourceTree = "<group>"; };
		74ADD64D2F16212300947F23 /* ScheduledWorkout.swift */ = {isa = PBXFileReference; lastKnownFileType = sourcecode.swift; path = ScheduledWorkout.swift; sourceTree = "<group>"; };
		74ADD64E2F16212300947F23 /* SessionResult.swift */ = {isa = PBXFileReference; lastKnownFileType = sourcecode.swift; path = SessionResult.swift; sourceTree = "<group>"; };
		74ADD64F2F16212300947F23 /* WorkoutMode.swift */ = {isa = PBXFileReference; lastKnownFileType = sourcecode.swift; path = WorkoutMode.swift; sourceTree = "<group>"; };
		74ADD6512F16212300947F23 /* AchievementService.swift */ = {isa = PBXFileReference; lastKnownFileType = sourcecode.swift; path = AchievementService.swift; sourceTree = "<group>"; };
		74ADD6522F16212300947F23 /* AudioService.swift */ = {isa = PBXFileReference; lastKnownFileType = sourcecode.swift; path = AudioService.swift; sourceTree = "<group>"; };
		74ADD6532F16212300947F23 /* GoalService.swift */ = {isa = PBXFileReference; lastKnownFileType = sourcecode.swift; path = GoalService.swift; sourceTree = "<group>"; };
		74ADD6542F16212300947F23 /* PaceGhostService.swift */ = {isa = PBXFileReference; lastKnownFileType = sourcecode.swift; path = PaceGhostService.swift; sourceTree = "<group>"; };
		74ADD6552F16212300947F23 /* ScheduleService.swift */ = {isa = PBXFileReference; lastKnownFileType = sourcecode.swift; path = ScheduleService.swift; sourceTree = "<group>"; };
		74ADD6562F16212300947F23 /* TimerEngine.swift */ = {isa = PBXFileReference; lastKnownFileType = sourcecode.swift; path = TimerEngine.swift; sourceTree = "<group>"; };
		74ADD6582F16212300947F23 /* ColorTheme.swift */ = {isa = PBXFileReference; lastKnownFileType = sourcecode.swift; path = ColorTheme.swift; sourceTree = "<group>"; };
		74ADD65B2F16212300947F23 /* AchievementsView.swift */ = {isa = PBXFileReference; lastKnownFileType = sourcecode.swift; path = AchievementsView.swift; sourceTree = "<group>"; };
		74ADD65D2F16212300947F23 /* GoalEditorView.swift */ = {isa = PBXFileReference; lastKnownFileType = sourcecode.swift; path = GoalEditorView.swift; sourceTree = "<group>"; };
		74ADD65E2F16212300947F23 /* GoalsView.swift */ = {isa = PBXFileReference; lastKnownFileType = sourcecode.swift; path = GoalsView.swift; sourceTree = "<group>"; };
		74ADD65F2F16212300947F23 /* ScheduleEditorView.swift */ = {isa = PBXFileReference; lastKnownFileType = sourcecode.swift; path = ScheduleEditorView.swift; sourceTree = "<group>"; };
		74ADD6612F16212300947F23 /* CheckLink.swift */ = {isa = PBXFileReference; lastKnownFileType = sourcecode.swift; path = CheckLink.swift; sourceTree = "<group>"; };
		74ADD6622F16212300947F23 /* InternetViewController.swift */ = {isa = PBXFileReference; lastKnownFileType = sourcecode.swift; path = InternetViewController.swift; sourceTree = "<group>"; };
		74ADD6632F16212300947F23 /* LoaderViewController.swift */ = {isa = PBXFileReference; lastKnownFileType = sourcecode.swift; path = LoaderViewController.swift; sourceTree = "<group>"; };
		74ADD6652F16212300947F23 /* OnboardingView.swift */ = {isa = PBXFileReference; lastKnownFileType = sourcecode.swift; path = OnboardingView.swift; sourceTree = "<group>"; };
		74ADD6672F16212300947F23 /* ProgramEditorView.swift */ = {isa = PBXFileReference; lastKnownFileType = sourcecode.swift; path = ProgramEditorView.swift; sourceTree = "<group>"; };
		74ADD6682F16212300947F23 /* ProgramEditorViewModel.swift */ = {isa = PBXFileReference; lastKnownFileType = sourcecode.swift; path = ProgramEditorViewModel.swift; sourceTree = "<group>"; };
		74ADD66A2F16212300947F23 /* ProgramListView.swift */ = {isa = PBXFileReference; lastKnownFileType = sourcecode.swift; path = ProgramListView.swift; sourceTree = "<group>"; };
		74ADD66B2F16212300947F23 /* ProgramListViewModel.swift */ = {isa = PBXFileReference; lastKnownFileType = sourcecode.swift; path = ProgramListViewModel.swift; sourceTree = "<group>"; };
		74ADD66C2F16212300947F23 /* WorkoutModeSelectorView.swift */ = {isa = PBXFileReference; lastKnownFileType = sourcecode.swift; path = WorkoutModeSelectorView.swift; sourceTree = "<group>"; };
		74ADD66E2F16212300947F23 /* RaceView.swift */ = {isa = PBXFileReference; lastKnownFileType = sourcecode.swift; path = RaceView.swift; sourceTree = "<group>"; };
		74ADD66F2F16212300947F23 /* RaceViewModel.swift */ = {isa = PBXFileReference; lastKnownFileType = sourcecode.swift; path = RaceViewModel.swift; sourceTree = "<group>"; };
		74ADD6712F16212300947F23 /* HistoryViewModel.swift */ = {isa = PBXFileReference; lastKnownFileType = sourcecode.swift; path = HistoryViewModel.swift; sourceTree = "<group>"; };
		74ADD6722F16212300947F23 /* SessionResultView.swift */ = {isa = PBXFileReference; lastKnownFileType = sourcecode.swift; path = SessionResultView.swift; sourceTree = "<group>"; };
		74ADD6742F16212300947F23 /* SettingsView.swift */ = {isa = PBXFileReference; lastKnownFileType = sourcecode.swift; path = SettingsView.swift; sourceTree = "<group>"; };
		74ADD6762F16212300947F23 /* AnalyticsView.swift */ = {isa = PBXFileReference; lastKnownFileType = sourcecode.swift; path = AnalyticsView.swift; sourceTree = "<group>"; };
		74ADD6772F16212300947F23 /* HistoryView.swift */ = {isa = PBXFileReference; lastKnownFileType = sourcecode.swift; path = HistoryView.swift; sourceTree = "<group>"; };
		74ADD6782F16212300947F23 /* ProgressChartView.swift */ = {isa = PBXFileReference; lastKnownFileType = sourcecode.swift; path = ProgressChartView.swift; sourceTree = "<group>"; };
		74ADD6792F16212300947F23 /* StatisticsViewModel.swift */ = {isa = PBXFileReference; lastKnownFileType = sourcecode.swift; path = StatisticsViewModel.swift; sourceTree = "<group>"; };
		74ADD67C2F16212300947F23 /* AppDelegate.swift */ = {isa = PBXFileReference; lastKnownFileType = sourcecode.swift; path = AppDelegate.swift; sourceTree = "<group>"; };
		74ADD67D2F16212300947F23 /* Assets.xcassets */ = {isa = PBXFileReference; lastKnownFileType = folder.assetcatalog; path = Assets.xcassets; sourceTree = "<group>"; };
		74ADD67E2F16212300947F23 /* ContentView.swift */ = {isa = PBXFileReference; lastKnownFileType = sourcecode.swift; path = ContentView.swift; sourceTree = "<group>"; };
		74ADD67F2F16212300947F23 /* Info.plist */ = {isa = PBXFileReference; lastKnownFileType = text.plist.xml; path = Info.plist; sourceTree = "<group>"; };
		74ADD6802F16212300947F23 /* Base */ = {isa = PBXFileReference; lastKnownFileType = file.storyboard; name = Base; path = Base.lproj/LaunchScreen.storyboard; sourceTree = "<group>"; };
		74ADD6822F16212300947F23 /* Base */ = {isa = PBXFileReference; lastKnownFileType = file.storyboard; name = Base; path = Base.lproj/Main.storyboard; sourceTree = "<group>"; };
		74ADD6842F16212300947F23 /* SceneDelegate.swift */ = {isa = PBXFileReference; lastKnownFileType = sourcecode.swift; path = SceneDelegate.swift; sourceTree = "<group>"; };
		74ADD6852F16212300947F23 /* ViewController.swift */ = {isa = PBXFileReference; lastKnownFileType = sourcecode.swift; path = ViewController.swift; sourceTree = "<group>"; };
		74ADD6872F16212300947F23 /* RegattaTimer.xcdatamodel */ = {isa = PBXFileReference; lastKnownFileType = wrapper.xcdatamodel; path = RegattaTimer.xcdatamodel; sourceTree = "<group>"; };
		74E2F18E2F0E49050077B7C4 /* 44RegattaTimer.app */ = {isa = PBXFileReference; explicitFileType = wrapper.application; includeInIndex = 0; path = 44RegattaTimer.app; sourceTree = BUILT_PRODUCTS_DIR; };
		AACC41BC277E46DFE6FDC3AB /* Pods_44RegattaTimer.framework */ = {isa = PBXFileReference; explicitFileType = wrapper.framework; includeInIndex = 0; path = Pods_44RegattaTimer.framework; sourceTree = BUILT_PRODUCTS_DIR; };
		AC76D99840DBD1A64EF1EDE0 /* Pods-44RegattaTimer.debug.xcconfig */ = {isa = PBXFileReference; includeInIndex = 1; lastKnownFileType = text.xcconfig; name = "Pods-44RegattaTimer.debug.xcconfig"; path = "Target Support Files/Pods-44RegattaTimer/Pods-44RegattaTimer.debug.xcconfig"; sourceTree = "<group>"; };
/* End PBXFileReference section */

/* Begin PBXFrameworksBuildPhase section */
		74E2F18B2F0E49050077B7C4 /* Frameworks */ = {
			isa = PBXFrameworksBuildPhase;
			buildActionMask = 2147483647;
			files = (
			);
			runOnlyForDeploymentPostprocessing = 0;
		};
/* End PBXFrameworksBuildPhase section */

/* Begin PBXGroup section */
		6C368B97BAB85EA09A02ABBB /* Frameworks */ = {
			isa = PBXGroup;
			children = (
				AACC41BC277E46DFE6FDC3AB /* Pods_44RegattaTimer.framework */,
			);
			name = Frameworks;
			sourceTree = "<group>";
		};
		74ADD6432F16212300947F23 /* Entities */ = {
			isa = PBXGroup;
			children = (
				74ADD6422F16212300947F23 /* ProgramEntity.swift */,
			);
			path = Entities;
			sourceTree = "<group>";
		};
		74ADD6472F16212300947F23 /* Data */ = {
			isa = PBXGroup;
			children = (
				74ADD6432F16212300947F23 /* Entities */,
				74ADD6442F16212300947F23 /* CoreDataStack.swift */,
				74ADD6452F16212300947F23 /* PersistenceService.swift */,
				74ADD6462F16212300947F23 /* RegattaTimer.xcdatamodeld */,
			);
			path = Data;
			sourceTree = "<group>";
		};
		74ADD6502F16212300947F23 /* Models */ = {
			isa = PBXGroup;
			children = (
				74ADD6482F16212300947F23 /* Achievement.swift */,
				74ADD6492F16212300947F23 /* Goal.swift */,
				74ADD64A2F16212300947F23 /* Interval.swift */,
				74ADD64B2F16212300947F23 /* IntervalType.swift */,
				74ADD64C2F16212300947F23 /* Program.swift */,
				74ADD64D2F16212300947F23 /* ScheduledWorkout.swift */,
				74ADD64E2F16212300947F23 /* SessionResult.swift */,
				74ADD64F2F16212300947F23 /* WorkoutMode.swift */,
			);
			path = Models;
			sourceTree = "<group>";
		};
		74ADD6572F16212300947F23 /* Services */ = {
			isa = PBXGroup;
			children = (
				74ADD6512F16212300947F23 /* AchievementService.swift */,
				74ADD6522F16212300947F23 /* AudioService.swift */,
				74ADD6532F16212300947F23 /* GoalService.swift */,
				74ADD6542F16212300947F23 /* PaceGhostService.swift */,
				74ADD6552F16212300947F23 /* ScheduleService.swift */,
				74ADD6562F16212300947F23 /* TimerEngine.swift */,
			);
			path = Services;
			sourceTree = "<group>";
		};
		74ADD6592F16212300947F23 /* Utilities */ = {
			isa = PBXGroup;
			children = (
				74ADD6582F16212300947F23 /* ColorTheme.swift */,
			);
			path = Utilities;
			sourceTree = "<group>";
		};
		74ADD65A2F16212300947F23 /* Core */ = {
			isa = PBXGroup;
			children = (
				74ADD6472F16212300947F23 /* Data */,
				74ADD6502F16212300947F23 /* Models */,
				74ADD6572F16212300947F23 /* Services */,
				74ADD6592F16212300947F23 /* Utilities */,
			);
			path = Core;
			sourceTree = "<group>";
		};
		74ADD65C2F16212300947F23 /* Achievements */ = {
			isa = PBXGroup;
			children = (
				74ADD65B2F16212300947F23 /* AchievementsView.swift */,
			);
			path = Achievements;
			sourceTree = "<group>";
		};
		74ADD6602F16212300947F23 /* Goals */ = {
			isa = PBXGroup;
			children = (
				74ADD65D2F16212300947F23 /* GoalEditorView.swift */,
				74ADD65E2F16212300947F23 /* GoalsView.swift */,
				74ADD65F2F16212300947F23 /* ScheduleEditorView.swift */,
			);
			path = Goals;
			sourceTree = "<group>";
		};
		74ADD6642F16212300947F23 /* LoadingView */ = {
			isa = PBXGroup;
			children = (
				74ADD6612F16212300947F23 /* CheckLink.swift */,
				74ADD6622F16212300947F23 /* InternetViewController.swift */,
				74ADD6632F16212300947F23 /* LoaderViewController.swift */,
			);
			path = LoadingView;
			sourceTree = "<group>";
		};
		74ADD6662F16212300947F23 /* Onboarding */ = {
			isa = PBXGroup;
			children = (
				74ADD6652F16212300947F23 /* OnboardingView.swift */,
			);
			path = Onboarding;
			sourceTree = "<group>";
		};
		74ADD6692F16212300947F23 /* ProgramEditor */ = {
			isa = PBXGroup;
			children = (
				74ADD6672F16212300947F23 /* ProgramEditorView.swift */,
				74ADD6682F16212300947F23 /* ProgramEditorViewModel.swift */,
			);
			path = ProgramEditor;
			sourceTree = "<group>";
		};
		74ADD66D2F16212300947F23 /* ProgramList */ = {
			isa = PBXGroup;
			children = (
				74ADD66A2F16212300947F23 /* ProgramListView.swift */,
				74ADD66B2F16212300947F23 /* ProgramListViewModel.swift */,
				74ADD66C2F16212300947F23 /* WorkoutModeSelectorView.swift */,
			);
			path = ProgramList;
			sourceTree = "<group>";
		};
		74ADD6702F16212300947F23 /* RaceView */ = {
			isa = PBXGroup;
			children = (
				74ADD66E2F16212300947F23 /* RaceView.swift */,
				74ADD66F2F16212300947F23 /* RaceViewModel.swift */,
			);
			path = RaceView;
			sourceTree = "<group>";
		};
		74ADD6732F16212300947F23 /* SessionHistory */ = {
			isa = PBXGroup;
			children = (
				74ADD6712F16212300947F23 /* HistoryViewModel.swift */,
				74ADD6722F16212300947F23 /* SessionResultView.swift */,
			);
			path = SessionHistory;
			sourceTree = "<group>";
		};
		74ADD6752F16212300947F23 /* Settings */ = {
			isa = PBXGroup;
			children = (
				74ADD6742F16212300947F23 /* SettingsView.swift */,
			);
			path = Settings;
			sourceTree = "<group>";
		};
		74ADD67A2F16212300947F23 /* Statistics */ = {
			isa = PBXGroup;
			children = (
				74ADD6762F16212300947F23 /* AnalyticsView.swift */,
				74ADD6772F16212300947F23 /* HistoryView.swift */,
				74ADD6782F16212300947F23 /* ProgressChartView.swift */,
				74ADD6792F16212300947F23 /* StatisticsViewModel.swift */,
			);
			path = Statistics;
			sourceTree = "<group>";
		};
		74ADD67B2F16212300947F23 /* Modules */ = {
			isa = PBXGroup;
			children = (
				74ADD65C2F16212300947F23 /* Achievements */,
				74ADD6602F16212300947F23 /* Goals */,
				74ADD6642F16212300947F23 /* LoadingView */,
				74ADD6662F16212300947F23 /* Onboarding */,
				74ADD6692F16212300947F23 /* ProgramEditor */,
				74ADD66D2F16212300947F23 /* ProgramList */,
				74ADD6702F16212300947F23 /* RaceView */,
				74ADD6732F16212300947F23 /* SessionHistory */,
				74ADD6752F16212300947F23 /* Settings */,
				74ADD67A2F16212300947F23 /* Statistics */,
			);
			path = Modules;
			sourceTree = "<group>";
		};
		74ADD6862F16212300947F23 /* 44RegattaTimer */ = {
			isa = PBXGroup;
			children = (
				74ADD65A2F16212300947F23 /* Core */,
				74ADD67B2F16212300947F23 /* Modules */,
				74ADD67C2F16212300947F23 /* AppDelegate.swift */,
				74ADD67D2F16212300947F23 /* Assets.xcassets */,
				74ADD67E2F16212300947F23 /* ContentView.swift */,
				74ADD67F2F16212300947F23 /* Info.plist */,
				74ADD6812F16212300947F23 /* LaunchScreen.storyboard */,
				74ADD6832F16212300947F23 /* Main.storyboard */,
				74ADD6842F16212300947F23 /* SceneDelegate.swift */,
				74ADD6852F16212300947F23 /* ViewController.swift */,
			);
			path = 44RegattaTimer;
			sourceTree = "<group>";
		};
		74E2F1852F0E49050077B7C4 = {
			isa = PBXGroup;
			children = (
				74ADD6862F16212300947F23 /* 44RegattaTimer */,
				74E2F18F2F0E49050077B7C4 /* Products */,
				CB7D37EB93F4E01D53A761E0 /* Pods */,
				6C368B97BAB85EA09A02ABBB /* Frameworks */,
			);
			sourceTree = "<group>";
		};
		74E2F18F2F0E49050077B7C4 /* Products */ = {
			isa = PBXGroup;
			children = (
				74E2F18E2F0E49050077B7C4 /* 44RegattaTimer.app */,
			);
			name = Products;
			sourceTree = "<group>";
		};
		CB7D37EB93F4E01D53A761E0 /* Pods */ = {
			isa = PBXGroup;
			children = (
				AC76D99840DBD1A64EF1EDE0 /* Pods-44RegattaTimer.debug.xcconfig */,
				0A09F4070AE69C7B249017F5 /* Pods-44RegattaTimer.release.xcconfig */,
			);
			path = Pods;
			sourceTree = "<group>";
		};
/* End PBXGroup section */

/* Begin PBXNativeTarget section */
		74E2F18D2F0E49050077B7C4 /* 44RegattaTimer */ = {
			isa = PBXNativeTarget;
			buildConfigurationList = 74E2F1A12F0E49060077B7C4 /* Build configuration list for PBXNativeTarget "44RegattaTimer" */;
			buildPhases = (
				6A927F8D0F9DDF5C8CE4E537 /* [CP] Check Pods Manifest.lock */,
				74E2F18A2F0E49050077B7C4 /* Sources */,
				74E2F18B2F0E49050077B7C4 /* Frameworks */,
				74E2F18C2F0E49050077B7C4 /* Resources */,
			);
			buildRules = (
			);
			dependencies = (
			);
			name = 44RegattaTimer;
			productName = 44RegattaTimer;
			productReference = 74E2F18E2F0E49050077B7C4 /* 44RegattaTimer.app */;
			productType = "com.apple.product-type.application";
		};
/* End PBXNativeTarget section */

/* Begin PBXProject section */
		74E2F1862F0E49050077B7C4 /* Project object */ = {
			isa = PBXProject;
			attributes = {
				BuildIndependentTargetsInParallel = 1;
				LastSwiftUpdateCheck = 2620;
				LastUpgradeCheck = 2620;
				TargetAttributes = {
					74E2F18D2F0E49050077B7C4 = {
						CreatedOnToolsVersion = 26.2;
					};
				};
			};
			buildConfigurationList = 74E2F1892F0E49050077B7C4 /* Build configuration list for PBXProject "44RegattaTimer" */;
			compatibilityVersion = "Xcode 15.0";
			developmentRegion = en;
			hasScannedForEncodings = 0;
			knownRegions = (
				en,
				Base,
			);
			mainGroup = 74E2F1852F0E49050077B7C4;
			productRefGroup = 74E2F18F2F0E49050077B7C4 /* Products */;
			projectDirPath = "";
			projectRoot = "";
			targets = (
				74E2F18D2F0E49050077B7C4 /* 44RegattaTimer */,
			);
		};
/* End PBXProject section */

/* Begin PBXResourcesBuildPhase section */
		74E2F18C2F0E49050077B7C4 /* Resources */ = {
			isa = PBXResourcesBuildPhase;
			buildActionMask = 2147483647;
			files = (
				74ADD6B52F16212300947F23 /* Assets.xcassets in Resources */,
				74ADD6B72F16212300947F23 /* LaunchScreen.storyboard in Resources */,
				74ADD6B82F16212300947F23 /* Main.storyboard in Resources */,
			);
			runOnlyForDeploymentPostprocessing = 0;
		};
/* End PBXResourcesBuildPhase section */

/* Begin PBXShellScriptBuildPhase section */
		6A927F8D0F9DDF5C8CE4E537 /* [CP] Check Pods Manifest.lock */ = {
			isa = PBXShellScriptBuildPhase;
			buildActionMask = 2147483647;
			files = (
			);
			inputFileListPaths = (
			);
			inputPaths = (
				"${PODS_PODFILE_DIR_PATH}/Podfile.lock",
				"${PODS_ROOT}/Manifest.lock",
			);
			name = "[CP] Check Pods Manifest.lock";
			outputFileListPaths = (
			);
			outputPaths = (
				"$(DERIVED_FILE_DIR)/Pods-44RegattaTimer-checkManifestLockResult.txt",
			);
			runOnlyForDeploymentPostprocessing = 0;
			shellPath = /bin/sh;
			shellScript = "diff \"${PODS_PODFILE_DIR_PATH}/Podfile.lock\" \"${PODS_ROOT}/Manifest.lock\" > /dev/null\nif [ $? != 0 ] ; then\n    # print error to STDERR\n    echo \"error: The sandbox is not in sync with the Podfile.lock. Run 'pod install' or update your CocoaPods installation.\" >&2\n    exit 1\nfi\n# This output is used by Xcode 'outputs' to avoid re-running this script phase.\necho \"SUCCESS\" > \"${SCRIPT_OUTPUT_FILE_0}\"\n";
			showEnvVarsInLog = 0;
		};
/* End PBXShellScriptBuildPhase section */

/* Begin PBXSourcesBuildPhase section */
		74E2F18A2F0E49050077B7C4 /* Sources */ = {
			isa = PBXSourcesBuildPhase;
			buildActionMask = 2147483647;
			files = (
				74ADD6882F16212300947F23 /* ProgramEntity.swift in Sources */,
				74ADD6892F16212300947F23 /* CoreDataStack.swift in Sources */,
				74ADD68A2F16212300947F23 /* PersistenceService.swift in Sources */,
				74ADD68B2F16212300947F23 /* RegattaTimer.xcdatamodeld in Sources */,
				74ADD68C2F16212300947F23 /* Achievement.swift in Sources */,
				74ADD68D2F16212300947F23 /* Goal.swift in Sources */,
				74ADD68E2F16212300947F23 /* Interval.swift in Sources */,
				74ADD68F2F16212300947F23 /* IntervalType.swift in Sources */,
				74ADD6902F16212300947F23 /* Program.swift in Sources */,
				74ADD6912F16212300947F23 /* ScheduledWorkout.swift in Sources */,
				74ADD6922F16212300947F23 /* SessionResult.swift in Sources */,
				74ADD6932F16212300947F23 /* WorkoutMode.swift in Sources */,
				74ADD6942F16212300947F23 /* AchievementService.swift in Sources */,
				74ADD6952F16212300947F23 /* AudioService.swift in Sources */,
				74ADD6962F16212300947F23 /* GoalService.swift in Sources */,
				74ADD6972F16212300947F23 /* PaceGhostService.swift in Sources */,
				74ADD6982F16212300947F23 /* ScheduleService.swift in Sources */,
				74ADD6992F16212300947F23 /* TimerEngine.swift in Sources */,
				74ADD69A2F16212300947F23 /* ColorTheme.swift in Sources */,
				74ADD69B2F16212300947F23 /* AchievementsView.swift in Sources */,
				74ADD69C2F16212300947F23 /* GoalEditorView.swift in Sources */,
				74ADD69D2F16212300947F23 /* GoalsView.swift in Sources */,
				74ADD69E2F16212300947F23 /* ScheduleEditorView.swift in Sources */,
				74ADD69F2F16212300947F23 /* CheckLink.swift in Sources */,
				74ADD6A02F16212300947F23 /* InternetViewController.swift in Sources */,
				74ADD6A12F16212300947F23 /* LoaderViewController.swift in Sources */,
				74ADD6A22F16212300947F23 /* OnboardingView.swift in Sources */,
				74ADD6A32F16212300947F23 /* ProgramEditorView.swift in Sources */,
				74ADD6A42F16212300947F23 /* ProgramEditorViewModel.swift in Sources */,
				74ADD6A52F16212300947F23 /* ProgramListView.swift in Sources */,
				74ADD6A62F16212300947F23 /* ProgramListViewModel.swift in Sources */,
				74ADD6A72F16212300947F23 /* WorkoutModeSelectorView.swift in Sources */,
				74ADD6A82F16212300947F23 /* RaceView.swift in Sources */,
				74ADD6A92F16212300947F23 /* RaceViewModel.swift in Sources */,
				74ADD6AA2F16212300947F23 /* HistoryViewModel.swift in Sources */,
				74ADD6AB2F16212300947F23 /* SessionResultView.swift in Sources */,
				74ADD6AC2F16212300947F23 /* SettingsView.swift in Sources */,
				74ADD6AD2F16212300947F23 /* AnalyticsView.swift in Sources */,
				74ADD6AE2F16212300947F23 /* HistoryView.swift in Sources */,
				74ADD6AF2F16212300947F23 /* ProgressChartView.swift in Sources */,
				74ADD6B02F16212300947F23 /* StatisticsViewModel.swift in Sources */,
				74ADD6B12F16212300947F23 /* AppDelegate.swift in Sources */,
				74ADD6B22F16212300947F23 /* ContentView.swift in Sources */,
				74ADD6B32F16212300947F23 /* SceneDelegate.swift in Sources */,
				74ADD6B42F16212300947F23 /* ViewController.swift in Sources */,
			);
			runOnlyForDeploymentPostprocessing = 0;
		};
/* End PBXSourcesBuildPhase section */

/* Begin PBXVariantGroup section */
		74ADD6812F16212300947F23 /* LaunchScreen.storyboard */ = {
			isa = PBXVariantGroup;
			children = (
				74ADD6802F16212300947F23 /* Base */,
			);
			name = LaunchScreen.storyboard;
			sourceTree = "<group>";
		};
		74ADD6832F16212300947F23 /* Main.storyboard */ = {
			isa = PBXVariantGroup;
			children = (
				74ADD6822F16212300947F23 /* Base */,
			);
			name = Main.storyboard;
			sourceTree = "<group>";
		};
/* End PBXVariantGroup section */

/* Begin XCBuildConfiguration section */
		74E2F1A22F0E49060077B7C4 /* Debug */ = {
			isa = XCBuildConfiguration;
			baseConfigurationReference = AC76D99840DBD1A64EF1EDE0 /* Pods-44RegattaTimer.debug.xcconfig */;
			buildSettings = {
				ASSETCATALOG_COMPILER_APPICON_NAME = AppIcon;
				ASSETCATALOG_COMPILER_GLOBAL_ACCENT_COLOR_NAME = AccentColor;
				CODE_SIGN_STYLE = Automatic;
				CURRENT_PROJECT_VERSION = 1;
				GENERATE_INFOPLIST_FILE = YES;
				INFOPLIST_FILE = 44RegattaTimer/Info.plist;
				INFOPLIST_KEY_CFBundleDisplayName = "NatioRegatta Timer";
				INFOPLIST_KEY_UIApplicationSupportsIndirectInputEvents = YES;
				INFOPLIST_KEY_UILaunchStoryboardName = LaunchScreen;
				INFOPLIST_KEY_UIMainStoryboardFile = Main;
				INFOPLIST_KEY_UISupportedInterfaceOrientations = UIInterfaceOrientationPortrait;
				INFOPLIST_KEY_UISupportedInterfaceOrientations_iPad = "UIInterfaceOrientationLandscapeLeft UIInterfaceOrientationLandscapeRight UIInterfaceOrientationPortrait UIInterfaceOrientationPortraitUpsideDown";
				IPHONEOS_DEPLOYMENT_TARGET = 16.6;
				LD_RUNPATH_SEARCH_PATHS = (
					"$(inherited)",
					"@executable_path/Frameworks",
				);
				MARKETING_VERSION = 1.0;
				PRODUCT_BUNDLE_IDENTIFIER = com.ted.n4tr6gt8m4r;
				PRODUCT_NAME = "$(TARGET_NAME)";
				STRING_CATALOG_GENERATE_SYMBOLS = YES;
				SUPPORTED_PLATFORMS = "iphoneos iphonesimulator";
				SUPPORTS_MACCATALYST = NO;
				SUPPORTS_MAC_DESIGNED_FOR_IPHONE_IPAD = NO;
				SUPPORTS_XR_DESIGNED_FOR_IPHONE_IPAD = NO;
				SWIFT_APPROACHABLE_CONCURRENCY = YES;
				SWIFT_DEFAULT_ACTOR_ISOLATION = MainActor;
				SWIFT_EMIT_LOC_STRINGS = YES;
				SWIFT_UPCOMING_FEATURE_MEMBER_IMPORT_VISIBILITY = YES;
				SWIFT_VERSION = 5.0;
				TARGETED_DEVICE_FAMILY = 1;
			};
			name = Debug;
		};
		74E2F1A32F0E49060077B7C4 /* Release */ = {
			isa = XCBuildConfiguration;
			baseConfigurationReference = 0A09F4070AE69C7B249017F5 /* Pods-44RegattaTimer.release.xcconfig */;
			buildSettings = {
				ASSETCATALOG_COMPILER_APPICON_NAME = AppIcon;
				ASSETCATALOG_COMPILER_GLOBAL_ACCENT_COLOR_NAME = AccentColor;
				CODE_SIGN_STYLE = Automatic;
				CURRENT_PROJECT_VERSION = 1;
				GENERATE_INFOPLIST_FILE = YES;
				INFOPLIST_FILE = 44RegattaTimer/Info.plist;
				INFOPLIST_KEY_CFBundleDisplayName = "NatioRegatta Timer";
				INFOPLIST_KEY_UIApplicationSupportsIndirectInputEvents = YES;
				INFOPLIST_KEY_UILaunchStoryboardName = LaunchScreen;
				INFOPLIST_KEY_UIMainStoryboardFile = Main;
				INFOPLIST_KEY_UISupportedInterfaceOrientations = UIInterfaceOrientationPortrait;
				INFOPLIST_KEY_UISupportedInterfaceOrientations_iPad = "UIInterfaceOrientationLandscapeLeft UIInterfaceOrientationLandscapeRight UIInterfaceOrientationPortrait UIInterfaceOrientationPortraitUpsideDown";
				IPHONEOS_DEPLOYMENT_TARGET = 16.6;
				LD_RUNPATH_SEARCH_PATHS = (
					"$(inherited)",
					"@executable_path/Frameworks",
				);
				MARKETING_VERSION = 1.0;
				PRODUCT_BUNDLE_IDENTIFIER = com.ted.n4tr6gt8m4r;
				PRODUCT_NAME = "$(TARGET_NAME)";
				STRING_CATALOG_GENERATE_SYMBOLS = YES;
				SUPPORTED_PLATFORMS = "iphoneos iphonesimulator";
				SUPPORTS_MACCATALYST = NO;
				SUPPORTS_MAC_DESIGNED_FOR_IPHONE_IPAD = NO;
				SUPPORTS_XR_DESIGNED_FOR_IPHONE_IPAD = NO;
				SWIFT_APPROACHABLE_CONCURRENCY = YES;
				SWIFT_DEFAULT_ACTOR_ISOLATION = MainActor;
				SWIFT_EMIT_LOC_STRINGS = YES;
				SWIFT_UPCOMING_FEATURE_MEMBER_IMPORT_VISIBILITY = YES;
				SWIFT_VERSION = 5.0;
				TARGETED_DEVICE_FAMILY = 1;
			};
			name = Release;
		};
		74E2F1A42F0E49060077B7C4 /* Debug */ = {
			isa = XCBuildConfiguration;
			buildSettings = {
				ALWAYS_SEARCH_USER_PATHS = NO;
				ASSETCATALOG_COMPILER_GENERATE_SWIFT_ASSET_SYMBOL_EXTENSIONS = YES;
				CLANG_ANALYZER_NONNULL = YES;
				CLANG_ANALYZER_NUMBER_OBJECT_CONVERSION = YES_AGGRESSIVE;
				CLANG_CXX_LANGUAGE_STANDARD = "gnu++20";
				CLANG_ENABLE_MODULES = YES;
				CLANG_ENABLE_OBJC_ARC = YES;
				CLANG_ENABLE_OBJC_WEAK = YES;
				CLANG_WARN_BLOCK_CAPTURE_AUTORELEASING = YES;
				CLANG_WARN_BOOL_CONVERSION = YES;
				CLANG_WARN_COMMA = YES;
				CLANG_WARN_CONSTANT_CONVERSION = YES;
				CLANG_WARN_DEPRECATED_OBJC_IMPLEMENTATIONS = YES;
				CLANG_WARN_DIRECT_OBJC_ISA_USAGE = YES_ERROR;
				CLANG_WARN_DOCUMENTATION_COMMENTS = YES;
				CLANG_WARN_EMPTY_BODY = YES;
				CLANG_WARN_ENUM_CONVERSION = YES;
				CLANG_WARN_INFINITE_RECURSION = YES;
				CLANG_WARN_INT_CONVERSION = YES;
				CLANG_WARN_NON_LITERAL_NULL_CONVERSION = YES;
				CLANG_WARN_OBJC_IMPLICIT_RETAIN_SELF = YES;
				CLANG_WARN_OBJC_LITERAL_CONVERSION = YES;
				CLANG_WARN_OBJC_ROOT_CLASS = YES_ERROR;
				CLANG_WARN_QUOTED_INCLUDE_IN_FRAMEWORK_HEADER = YES;
				CLANG_WARN_RANGE_LOOP_ANALYSIS = YES;
				CLANG_WARN_STRICT_PROTOTYPES = YES;
				CLANG_WARN_SUSPICIOUS_MOVE = YES;
				CLANG_WARN_UNGUARDED_AVAILABILITY = YES_AGGRESSIVE;
				CLANG_WARN_UNREACHABLE_CODE = YES;
				CLANG_WARN__DUPLICATE_METHOD_MATCH = YES;
				COPY_PHASE_STRIP = NO;
				DEBUG_INFORMATION_FORMAT = dwarf;
				ENABLE_STRICT_OBJC_MSGSEND = YES;
				ENABLE_TESTABILITY = YES;
				ENABLE_USER_SCRIPT_SANDBOXING = YES;
				GCC_C_LANGUAGE_STANDARD = gnu17;
				GCC_DYNAMIC_NO_PIC = NO;
				GCC_NO_COMMON_BLOCKS = YES;
				GCC_OPTIMIZATION_LEVEL = 0;
				GCC_PREPROCESSOR_DEFINITIONS = (
					"DEBUG=1",
					"$(inherited)",
				);
				GCC_WARN_64_TO_32_BIT_CONVERSION = YES;
				GCC_WARN_ABOUT_RETURN_TYPE = YES_ERROR;
				GCC_WARN_UNDECLARED_SELECTOR = YES;
				GCC_WARN_UNINITIALIZED_AUTOS = YES_AGGRESSIVE;
				GCC_WARN_UNUSED_FUNCTION = YES;
				GCC_WARN_UNUSED_VARIABLE = YES;
				IPHONEOS_DEPLOYMENT_TARGET = 26.2;
				LOCALIZATION_PREFERS_STRING_CATALOGS = YES;
				MTL_ENABLE_DEBUG_INFO = INCLUDE_SOURCE;
				MTL_FAST_MATH = YES;
				ONLY_ACTIVE_ARCH = YES;
				SDKROOT = iphoneos;
				SWIFT_ACTIVE_COMPILATION_CONDITIONS = "DEBUG $(inherited)";
				SWIFT_OPTIMIZATION_LEVEL = "-Onone";
			};
			name = Debug;
		};
		74E2F1A52F0E49060077B7C4 /* Release */ = {
			isa = XCBuildConfiguration;
			buildSettings = {
				ALWAYS_SEARCH_USER_PATHS = NO;
				ASSETCATALOG_COMPILER_GENERATE_SWIFT_ASSET_SYMBOL_EXTENSIONS = YES;
				CLANG_ANALYZER_NONNULL = YES;
				CLANG_ANALYZER_NUMBER_OBJECT_CONVERSION = YES_AGGRESSIVE;
				CLANG_CXX_LANGUAGE_STANDARD = "gnu++20";
				CLANG_ENABLE_MODULES = YES;
				CLANG_ENABLE_OBJC_ARC = YES;
				CLANG_ENABLE_OBJC_WEAK = YES;
				CLANG_WARN_BLOCK_CAPTURE_AUTORELEASING = YES;
				CLANG_WARN_BOOL_CONVERSION = YES;
				CLANG_WARN_COMMA = YES;
				CLANG_WARN_CONSTANT_CONVERSION = YES;
				CLANG_WARN_DEPRECATED_OBJC_IMPLEMENTATIONS = YES;
				CLANG_WARN_DIRECT_OBJC_ISA_USAGE = YES_ERROR;
				CLANG_WARN_DOCUMENTATION_COMMENTS = YES;
				CLANG_WARN_EMPTY_BODY = YES;
				CLANG_WARN_ENUM_CONVERSION = YES;
				CLANG_WARN_INFINITE_RECURSION = YES;
				CLANG_WARN_INT_CONVERSION = YES;
				CLANG_WARN_NON_LITERAL_NULL_CONVERSION = YES;
				CLANG_WARN_OBJC_IMPLICIT_RETAIN_SELF = YES;
				CLANG_WARN_OBJC_LITERAL_CONVERSION = YES;
				CLANG_WARN_OBJC_ROOT_CLASS = YES_ERROR;
				CLANG_WARN_QUOTED_INCLUDE_IN_FRAMEWORK_HEADER = YES;
				CLANG_WARN_RANGE_LOOP_ANALYSIS = YES;
				CLANG_WARN_STRICT_PROTOTYPES = YES;
				CLANG_WARN_SUSPICIOUS_MOVE = YES;
				CLANG_WARN_UNGUARDED_AVAILABILITY = YES_AGGRESSIVE;
				CLANG_WARN_UNREACHABLE_CODE = YES;
				CLANG_WARN__DUPLICATE_METHOD_MATCH = YES;
				COPY_PHASE_STRIP = NO;
				DEBUG_INFORMATION_FORMAT = "dwarf-with-dsym";
				ENABLE_NS_ASSERTIONS = NO;
				ENABLE_STRICT_OBJC_MSGSEND = YES;
				ENABLE_USER_SCRIPT_SANDBOXING = YES;
				GCC_C_LANGUAGE_STANDARD = gnu17;
				GCC_NO_COMMON_BLOCKS = YES;
				GCC_WARN_64_TO_32_BIT_CONVERSION = YES;
				GCC_WARN_ABOUT_RETURN_TYPE = YES_ERROR;
				GCC_WARN_UNDECLARED_SELECTOR = YES;
				GCC_WARN_UNINITIALIZED_AUTOS = YES_AGGRESSIVE;
				GCC_WARN_UNUSED_FUNCTION = YES;
				GCC_WARN_UNUSED_VARIABLE = YES;
				IPHONEOS_DEPLOYMENT_TARGET = 26.2;
				LOCALIZATION_PREFERS_STRING_CATALOGS = YES;
				MTL_ENABLE_DEBUG_INFO = NO;
				MTL_FAST_MATH = YES;
				SDKROOT = iphoneos;
				SWIFT_COMPILATION_MODE = wholemodule;
				VALIDATE_PRODUCT = YES;
			};
			name = Release;
		};
/* End XCBuildConfiguration section */

/* Begin XCConfigurationList section */
		74E2F1892F0E49050077B7C4 /* Build configuration list for PBXProject "44RegattaTimer" */ = {
			isa = XCConfigurationList;
			buildConfigurations = (
				74E2F1A42F0E49060077B7C4 /* Debug */,
				74E2F1A52F0E49060077B7C4 /* Release */,
			);
			defaultConfigurationIsVisible = 0;
			defaultConfigurationName = Release;
		};
		74E2F1A12F0E49060077B7C4 /* Build configuration list for PBXNativeTarget "44RegattaTimer" */ = {
			isa = XCConfigurationList;
			buildConfigurations = (
				74E2F1A22F0E49060077B7C4 /* Debug */,
				74E2F1A32F0E49060077B7C4 /* Release */,
			);
			defaultConfigurationIsVisible = 0;
			defaultConfigurationName = Release;
		};
/* End XCConfigurationList section */

/* Begin XCVersionGroup section */
		74ADD6462F16212300947F23 /* RegattaTimer.xcdatamodeld */ = {
			isa = XCVersionGroup;
			children = (
				74ADD6872F16212300947F23 /* RegattaTimer.xcdatamodel */,
			);
			currentVersion = 74ADD6872F16212300947F23 /* RegattaTimer.xcdatamodel */;
			path = RegattaTimer.xcdatamodeld;
			sourceTree = "<group>";
			versionGroupType = wrapper.xcdatamodel;
		};
/* End XCVersionGroup section */
	};
	rootObject = 74E2F1862F0E49050077B7C4 /* Project object */;
}
